
Microsoft Visual Studio Solution File, Format Version 12.00
# Visual Studio 15
VisualStudioVersion = 15.0.27130.2003
MinimumVisualStudioVersion = 10.0.40219.1
Project("{FAE04EC0-301F-11D3-BF4B-00C04F79EFBC}") = "Welcome.Android", "Welcome\Welcome.Android\Welcome.Android.csproj", "{C2AA44D3-2435-43EF-A8D8-71E3D1C94745}"
EndProject
Project("{FAE04EC0-301F-11D3-BF4B-00C04F79EFBC}") = "Welcome.iOS", "Welcome\Welcome.iOS\Welcome.iOS.csproj", "{B7B4B629-D7EC-4B64-8716-233A92E137DB}"
EndProject
Project("{FAE04EC0-301F-11D3-BF4B-00C04F79EFBC}") = "Welcome.UWP", "Welcome\Welcome.UWP\Welcome.UWP.csproj", "{144ADD62-8418-4B35-9762-B2EB800B5230}"
EndProject
Project("{9A19103F-16F7-4668-BE54-9A1E7A4F7556}") = "Welcome", "Welcome\Welcome\Welcome.csproj", "{04307016-0588-4DFD-AB3C-8ECB8F3528CA}"
EndProject
Project("{FAE04EC0-301F-11D3-BF4B-00C04F79EFBC}") = "CobaUI.Android", "CobaUI\CobaUI.Android\CobaUI.Android.csproj", "{59183EAD-786E-41D2-B0C9-752DD7EA5A0B}"
EndProject
Project("{FAE04EC0-301F-11D3-BF4B-00C04F79EFBC}") = "CobaUI.iOS", "CobaUI\CobaUI.iOS\CobaUI.iOS.csproj", "{C249D85F-8131-4FDF-8C55-CEEE4E9EA240}"
EndProject
Project("{FAE04EC0-301F-11D3-BF4B-00C04F79EFBC}") = "CobaUI.UWP", "CobaUI\CobaUI.UWP\CobaUI.UWP.csproj", "{F1C5FD2A-1331-4EC5-9C52-2A25D5B932A8}"
EndProject
Project("{9A19103F-16F7-4668-BE54-9A1E7A4F7556}") = "CobaUI", "CobaUI\CobaUI\CobaUI.csproj", "{D24A329E-FE80-4B6B-B830-305E11B938E4}"
EndProject
Project("{FAE04EC0-301F-11D3-BF4B-00C04F79EFBC}") = "CobaListView.Android", "CobaListView\CobaListView.Android\CobaListView.Android.csproj", "{263A423E-99B0-4038-A1C6-CB9BDFEE581C}"
EndProject
Project("{FAE04EC0-301F-11D3-BF4B-00C04F79EFBC}") = "CobaListView.iOS", "CobaListView\CobaListView.iOS\CobaListView.iOS.csproj", "{127B2C8C-7353-41E3-8088-D1F268E3EFAF}"
EndProject
Project("{FAE04EC0-301F-11D3-BF4B-00C04F79EFBC}") = "CobaListView.UWP", "CobaListView\CobaListView.UWP\CobaListView.UWP.csproj", "{A3F4B54F-7F1B-4A21-B856-4EE7D9C6D191}"
EndProject
Project("{9A19103F-16F7-4668-BE54-9A1E7A4F7556}") = "CobaListView", "CobaListView\CobaListView\CobaListView.csproj", "{AF7C05F8-7466-4608-9E58-5DA33D36432E}"
EndProject
Project("{FAE04EC0-301F-11D3-BF4B-00C04F79EFBC}") = "CobaNav.Android", "CobaNav\CobaNav.Android\CobaNav.Android.csproj", "{8DB0A0EF-1306-48A8-A4F0-7AA49B1B79B5}"
EndProject
Project("{FAE04EC0-301F-11D3-BF4B-00C04F79EFBC}") = "CobaNav.iOS", "CobaNav\CobaNav.iOS\CobaNav.iOS.csproj", "{CD2DD15E-A3CE-4266-BE7B-DC7791CE62A6}"
EndProject
Project("{FAE04EC0-301F-11D3-BF4B-00C04F79EFBC}") = "CobaNav.UWP", "CobaNav\CobaNav.UWP\CobaNav.UWP.csproj", "{66542192-6F89-4555-8476-EB9FCBE4DA42}"
EndProject
Project("{FAE04EC0-301F-11D3-BF4B-00C04F79EFBC}") = "CobaNav", "CobaNav\CobaNav\CobaNav.csproj", "{91D4ABFB-13FB-4902-8E8B-2A5321E0DBAF}"
EndProject
Global
	GlobalSection(SolutionConfigurationPlatforms) = preSolution
		Ad-Hoc|Any CPU = Ad-Hoc|Any CPU
		Ad-Hoc|ARM = Ad-Hoc|ARM
		Ad-Hoc|iPhone = Ad-Hoc|iPhone
		Ad-Hoc|iPhoneSimulator = Ad-Hoc|iPhoneSimulator
		Ad-Hoc|x64 = Ad-Hoc|x64
		Ad-Hoc|x86 = Ad-Hoc|x86
		AppStore|Any CPU = AppStore|Any CPU
		AppStore|ARM = AppStore|ARM
		AppStore|iPhone = AppStore|iPhone
		AppStore|iPhoneSimulator = AppStore|iPhoneSimulator
		AppStore|x64 = AppStore|x64
		AppStore|x86 = AppStore|x86
		Debug|Any CPU = Debug|Any CPU
		Debug|ARM = Debug|ARM
		Debug|iPhone = Debug|iPhone
		Debug|iPhoneSimulator = Debug|iPhoneSimulator
		Debug|x64 = Debug|x64
		Debug|x86 = Debug|x86
		Release|Any CPU = Release|Any CPU
		Release|ARM = Release|ARM
		Release|iPhone = Release|iPhone
		Release|iPhoneSimulator = Release|iPhoneSimulator
		Release|x64 = Release|x64
		Release|x86 = Release|x86
	EndGlobalSection
	GlobalSection(ProjectConfigurationPlatforms) = postSolution
		{C2AA44D3-2435-43EF-A8D8-71E3D1C94745}.Ad-Hoc|Any CPU.ActiveCfg = Release|Any CPU
		{C2AA44D3-2435-43EF-A8D8-71E3D1C94745}.Ad-Hoc|Any CPU.Build.0 = Release|Any CPU
		{C2AA44D3-2435-43EF-A8D8-71E3D1C94745}.Ad-Hoc|Any CPU.Deploy.0 = Release|Any CPU
		{C2AA44D3-2435-43EF-A8D8-71E3D1C94745}.Ad-Hoc|ARM.ActiveCfg = Release|Any CPU
		{C2AA44D3-2435-43EF-A8D8-71E3D1C94745}.Ad-Hoc|ARM.Build.0 = Release|Any CPU
		{C2AA44D3-2435-43EF-A8D8-71E3D1C94745}.Ad-Hoc|ARM.Deploy.0 = Release|Any CPU
		{C2AA44D3-2435-43EF-A8D8-71E3D1C94745}.Ad-Hoc|iPhone.ActiveCfg = Release|Any CPU
		{C2AA44D3-2435-43EF-A8D8-71E3D1C94745}.Ad-Hoc|iPhone.Build.0 = Release|Any CPU
		{C2AA44D3-2435-43EF-A8D8-71E3D1C94745}.Ad-Hoc|iPhone.Deploy.0 = Release|Any CPU
		{C2AA44D3-2435-43EF-A8D8-71E3D1C94745}.Ad-Hoc|iPhoneSimulator.ActiveCfg = Release|Any CPU
		{C2AA44D3-2435-43EF-A8D8-71E3D1C94745}.Ad-Hoc|iPhoneSimulator.Build.0 = Release|Any CPU
		{C2AA44D3-2435-43EF-A8D8-71E3D1C94745}.Ad-Hoc|iPhoneSimulator.Deploy.0 = Release|Any CPU
		{C2AA44D3-2435-43EF-A8D8-71E3D1C94745}.Ad-Hoc|x64.ActiveCfg = Release|Any CPU
		{C2AA44D3-2435-43EF-A8D8-71E3D1C94745}.Ad-Hoc|x64.Build.0 = Release|Any CPU
		{C2AA44D3-2435-43EF-A8D8-71E3D1C94745}.Ad-Hoc|x64.Deploy.0 = Release|Any CPU
		{C2AA44D3-2435-43EF-A8D8-71E3D1C94745}.Ad-Hoc|x86.ActiveCfg = Release|Any CPU
		{C2AA44D3-2435-43EF-A8D8-71E3D1C94745}.Ad-Hoc|x86.Build.0 = Release|Any CPU
		{C2AA44D3-2435-43EF-A8D8-71E3D1C94745}.Ad-Hoc|x86.Deploy.0 = Release|Any CPU
		{C2AA44D3-2435-43EF-A8D8-71E3D1C94745}.AppStore|Any CPU.ActiveCfg = Release|Any CPU
		{C2AA44D3-2435-43EF-A8D8-71E3D1C94745}.AppStore|Any CPU.Build.0 = Release|Any CPU
		{C2AA44D3-2435-43EF-A8D8-71E3D1C94745}.AppStore|Any CPU.Deploy.0 = Release|Any CPU
		{C2AA44D3-2435-43EF-A8D8-71E3D1C94745}.AppStore|ARM.ActiveCfg = Release|Any CPU
		{C2AA44D3-2435-43EF-A8D8-71E3D1C94745}.AppStore|ARM.Build.0 = Release|Any CPU
		{C2AA44D3-2435-43EF-A8D8-71E3D1C94745}.AppStore|ARM.Deploy.0 = Release|Any CPU
		{C2AA44D3-2435-43EF-A8D8-71E3D1C94745}.AppStore|iPhone.ActiveCfg = Release|Any CPU
		{C2AA44D3-2435-43EF-A8D8-71E3D1C94745}.AppStore|iPhone.Build.0 = Release|Any CPU
		{C2AA44D3-2435-43EF-A8D8-71E3D1C94745}.AppStore|iPhone.Deploy.0 = Release|Any CPU
		{C2AA44D3-2435-43EF-A8D8-71E3D1C94745}.AppStore|iPhoneSimulator.ActiveCfg = Release|Any CPU
		{C2AA44D3-2435-43EF-A8D8-71E3D1C94745}.AppStore|iPhoneSimulator.Build.0 = Release|Any CPU
		{C2AA44D3-2435-43EF-A8D8-71E3D1C94745}.AppStore|iPhoneSimulator.Deploy.0 = Release|Any CPU
		{C2AA44D3-2435-43EF-A8D8-71E3D1C94745}.AppStore|x64.ActiveCfg = Release|Any CPU
		{C2AA44D3-2435-43EF-A8D8-71E3D1C94745}.AppStore|x64.Build.0 = Release|Any CPU
		{C2AA44D3-2435-43EF-A8D8-71E3D1C94745}.AppStore|x64.Deploy.0 = Release|Any CPU
		{C2AA44D3-2435-43EF-A8D8-71E3D1C94745}.AppStore|x86.ActiveCfg = Release|Any CPU
		{C2AA44D3-2435-43EF-A8D8-71E3D1C94745}.AppStore|x86.Build.0 = Release|Any CPU
		{C2AA44D3-2435-43EF-A8D8-71E3D1C94745}.AppStore|x86.Deploy.0 = Release|Any CPU
		{C2AA44D3-2435-43EF-A8D8-71E3D1C94745}.Debug|Any CPU.ActiveCfg = Debug|Any CPU
		{C2AA44D3-2435-43EF-A8D8-71E3D1C94745}.Debug|Any CPU.Build.0 = Debug|Any CPU
		{C2AA44D3-2435-43EF-A8D8-71E3D1C94745}.Debug|Any CPU.Deploy.0 = Debug|Any CPU
		{C2AA44D3-2435-43EF-A8D8-71E3D1C94745}.Debug|ARM.ActiveCfg = Debug|Any CPU
		{C2AA44D3-2435-43EF-A8D8-71E3D1C94745}.Debug|ARM.Build.0 = Debug|Any CPU
		{C2AA44D3-2435-43EF-A8D8-71E3D1C94745}.Debug|ARM.Deploy.0 = Debug|Any CPU
		{C2AA44D3-2435-43EF-A8D8-71E3D1C94745}.Debug|iPhone.ActiveCfg = Debug|Any CPU
		{C2AA44D3-2435-43EF-A8D8-71E3D1C94745}.Debug|iPhone.Build.0 = Debug|Any CPU
		{C2AA44D3-2435-43EF-A8D8-71E3D1C94745}.Debug|iPhone.Deploy.0 = Debug|Any CPU
		{C2AA44D3-2435-43EF-A8D8-71E3D1C94745}.Debug|iPhoneSimulator.ActiveCfg = Debug|Any CPU
		{C2AA44D3-2435-43EF-A8D8-71E3D1C94745}.Debug|iPhoneSimulator.Build.0 = Debug|Any CPU
		{C2AA44D3-2435-43EF-A8D8-71E3D1C94745}.Debug|iPhoneSimulator.Deploy.0 = Debug|Any CPU
		{C2AA44D3-2435-43EF-A8D8-71E3D1C94745}.Debug|x64.ActiveCfg = Debug|Any CPU
		{C2AA44D3-2435-43EF-A8D8-71E3D1C94745}.Debug|x64.Build.0 = Debug|Any CPU
		{C2AA44D3-2435-43EF-A8D8-71E3D1C94745}.Debug|x64.Deploy.0 = Debug|Any CPU
		{C2AA44D3-2435-43EF-A8D8-71E3D1C94745}.Debug|x86.ActiveCfg = Debug|Any CPU
		{C2AA44D3-2435-43EF-A8D8-71E3D1C94745}.Debug|x86.Build.0 = Debug|Any CPU
		{C2AA44D3-2435-43EF-A8D8-71E3D1C94745}.Debug|x86.Deploy.0 = Debug|Any CPU
		{C2AA44D3-2435-43EF-A8D8-71E3D1C94745}.Release|Any CPU.ActiveCfg = Release|Any CPU
		{C2AA44D3-2435-43EF-A8D8-71E3D1C94745}.Release|Any CPU.Build.0 = Release|Any CPU
		{C2AA44D3-2435-43EF-A8D8-71E3D1C94745}.Release|Any CPU.Deploy.0 = Release|Any CPU
		{C2AA44D3-2435-43EF-A8D8-71E3D1C94745}.Release|ARM.ActiveCfg = Release|Any CPU
		{C2AA44D3-2435-43EF-A8D8-71E3D1C94745}.Release|ARM.Build.0 = Release|Any CPU
		{C2AA44D3-2435-43EF-A8D8-71E3D1C94745}.Release|ARM.Deploy.0 = Release|Any CPU
		{C2AA44D3-2435-43EF-A8D8-71E3D1C94745}.Release|iPhone.ActiveCfg = Release|Any CPU
		{C2AA44D3-2435-43EF-A8D8-71E3D1C94745}.Release|iPhone.Build.0 = Release|Any CPU
		{C2AA44D3-2435-43EF-A8D8-71E3D1C94745}.Release|iPhone.Deploy.0 = Release|Any CPU
		{C2AA44D3-2435-43EF-A8D8-71E3D1C94745}.Release|iPhoneSimulator.ActiveCfg = Release|Any CPU
		{C2AA44D3-2435-43EF-A8D8-71E3D1C94745}.Release|iPhoneSimulator.Build.0 = Release|Any CPU
		{C2AA44D3-2435-43EF-A8D8-71E3D1C94745}.Release|iPhoneSimulator.Deploy.0 = Release|Any CPU
		{C2AA44D3-2435-43EF-A8D8-71E3D1C94745}.Release|x64.ActiveCfg = Release|Any CPU
		{C2AA44D3-2435-43EF-A8D8-71E3D1C94745}.Release|x64.Build.0 = Release|Any CPU
		{C2AA44D3-2435-43EF-A8D8-71E3D1C94745}.Release|x64.Deploy.0 = Release|Any CPU
		{C2AA44D3-2435-43EF-A8D8-71E3D1C94745}.Release|x86.ActiveCfg = Release|Any CPU
		{C2AA44D3-2435-43EF-A8D8-71E3D1C94745}.Release|x86.Build.0 = Release|Any CPU
		{C2AA44D3-2435-43EF-A8D8-71E3D1C94745}.Release|x86.Deploy.0 = Release|Any CPU
		{B7B4B629-D7EC-4B64-8716-233A92E137DB}.Ad-Hoc|Any CPU.ActiveCfg = Ad-Hoc|iPhone
		{B7B4B629-D7EC-4B64-8716-233A92E137DB}.Ad-Hoc|ARM.ActiveCfg = Ad-Hoc|iPhone
		{B7B4B629-D7EC-4B64-8716-233A92E137DB}.Ad-Hoc|iPhone.ActiveCfg = Ad-Hoc|iPhone
		{B7B4B629-D7EC-4B64-8716-233A92E137DB}.Ad-Hoc|iPhone.Build.0 = Ad-Hoc|iPhone
		{B7B4B629-D7EC-4B64-8716-233A92E137DB}.Ad-Hoc|iPhoneSimulator.ActiveCfg = Ad-Hoc|iPhoneSimulator
		{B7B4B629-D7EC-4B64-8716-233A92E137DB}.Ad-Hoc|iPhoneSimulator.Build.0 = Ad-Hoc|iPhoneSimulator
		{B7B4B629-D7EC-4B64-8716-233A92E137DB}.Ad-Hoc|x64.ActiveCfg = Ad-Hoc|iPhone
		{B7B4B629-D7EC-4B64-8716-233A92E137DB}.Ad-Hoc|x86.ActiveCfg = Ad-Hoc|iPhone
		{B7B4B629-D7EC-4B64-8716-233A92E137DB}.AppStore|Any CPU.ActiveCfg = AppStore|iPhone
		{B7B4B629-D7EC-4B64-8716-233A92E137DB}.AppStore|ARM.ActiveCfg = AppStore|iPhone
		{B7B4B629-D7EC-4B64-8716-233A92E137DB}.AppStore|iPhone.ActiveCfg = AppStore|iPhone
		{B7B4B629-D7EC-4B64-8716-233A92E137DB}.AppStore|iPhone.Build.0 = AppStore|iPhone
		{B7B4B629-D7EC-4B64-8716-233A92E137DB}.AppStore|iPhoneSimulator.ActiveCfg = AppStore|iPhoneSimulator
		{B7B4B629-D7EC-4B64-8716-233A92E137DB}.AppStore|iPhoneSimulator.Build.0 = AppStore|iPhoneSimulator
		{B7B4B629-D7EC-4B64-8716-233A92E137DB}.AppStore|x64.ActiveCfg = AppStore|iPhone
		{B7B4B629-D7EC-4B64-8716-233A92E137DB}.AppStore|x86.ActiveCfg = AppStore|iPhone
		{B7B4B629-D7EC-4B64-8716-233A92E137DB}.Debug|Any CPU.ActiveCfg = Debug|iPhone
		{B7B4B629-D7EC-4B64-8716-233A92E137DB}.Debug|ARM.ActiveCfg = Debug|iPhone
		{B7B4B629-D7EC-4B64-8716-233A92E137DB}.Debug|iPhone.ActiveCfg = Debug|iPhone
		{B7B4B629-D7EC-4B64-8716-233A92E137DB}.Debug|iPhone.Build.0 = Debug|iPhone
		{B7B4B629-D7EC-4B64-8716-233A92E137DB}.Debug|iPhoneSimulator.ActiveCfg = Debug|iPhoneSimulator
		{B7B4B629-D7EC-4B64-8716-233A92E137DB}.Debug|iPhoneSimulator.Build.0 = Debug|iPhoneSimulator
		{B7B4B629-D7EC-4B64-8716-233A92E137DB}.Debug|x64.ActiveCfg = Debug|iPhone
		{B7B4B629-D7EC-4B64-8716-233A92E137DB}.Debug|x86.ActiveCfg = Debug|iPhone
		{B7B4B629-D7EC-4B64-8716-233A92E137DB}.Release|Any CPU.ActiveCfg = Release|iPhone
		{B7B4B629-D7EC-4B64-8716-233A92E137DB}.Release|ARM.ActiveCfg = Release|iPhone
		{B7B4B629-D7EC-4B64-8716-233A92E137DB}.Release|iPhone.ActiveCfg = Release|iPhone
		{B7B4B629-D7EC-4B64-8716-233A92E137DB}.Release|iPhone.Build.0 = Release|iPhone
		{B7B4B629-D7EC-4B64-8716-233A92E137DB}.Release|iPhoneSimulator.ActiveCfg = Release|iPhoneSimulator
		{B7B4B629-D7EC-4B64-8716-233A92E137DB}.Release|iPhoneSimulator.Build.0 = Release|iPhoneSimulator
		{B7B4B629-D7EC-4B64-8716-233A92E137DB}.Release|x64.ActiveCfg = Release|iPhone
		{B7B4B629-D7EC-4B64-8716-233A92E137DB}.Release|x86.ActiveCfg = Release|iPhone
		{144ADD62-8418-4B35-9762-B2EB800B5230}.Ad-Hoc|Any CPU.ActiveCfg = Release|x86
		{144ADD62-8418-4B35-9762-B2EB800B5230}.Ad-Hoc|Any CPU.Build.0 = Release|x86
		{144ADD62-8418-4B35-9762-B2EB800B5230}.Ad-Hoc|Any CPU.Deploy.0 = Release|x86
		{144ADD62-8418-4B35-9762-B2EB800B5230}.Ad-Hoc|ARM.ActiveCfg = Release|ARM
		{144ADD62-8418-4B35-9762-B2EB800B5230}.Ad-Hoc|ARM.Build.0 = Release|ARM
		{144ADD62-8418-4B35-9762-B2EB800B5230}.Ad-Hoc|ARM.Deploy.0 = Release|ARM
		{144ADD62-8418-4B35-9762-B2EB800B5230}.Ad-Hoc|iPhone.ActiveCfg = Release|x86
		{144ADD62-8418-4B35-9762-B2EB800B5230}.Ad-Hoc|iPhone.Build.0 = Release|x86
		{144ADD62-8418-4B35-9762-B2EB800B5230}.Ad-Hoc|iPhone.Deploy.0 = Release|x86
		{144ADD62-8418-4B35-9762-B2EB800B5230}.Ad-Hoc|iPhoneSimulator.ActiveCfg = Release|x86
		{144ADD62-8418-4B35-9762-B2EB800B5230}.Ad-Hoc|iPhoneSimulator.Build.0 = Release|x86
		{144ADD62-8418-4B35-9762-B2EB800B5230}.Ad-Hoc|iPhoneSimulator.Deploy.0 = Release|x86
		{144ADD62-8418-4B35-9762-B2EB800B5230}.Ad-Hoc|x64.ActiveCfg = Release|x64
		{144ADD62-8418-4B35-9762-B2EB800B5230}.Ad-Hoc|x64.Build.0 = Release|x64
		{144ADD62-8418-4B35-9762-B2EB800B5230}.Ad-Hoc|x64.Deploy.0 = Release|x64
		{144ADD62-8418-4B35-9762-B2EB800B5230}.Ad-Hoc|x86.ActiveCfg = Release|x86
		{144ADD62-8418-4B35-9762-B2EB800B5230}.Ad-Hoc|x86.Build.0 = Release|x86
		{144ADD62-8418-4B35-9762-B2EB800B5230}.Ad-Hoc|x86.Deploy.0 = Release|x86
		{144ADD62-8418-4B35-9762-B2EB800B5230}.AppStore|Any CPU.ActiveCfg = Release|x86
		{144ADD62-8418-4B35-9762-B2EB800B5230}.AppStore|Any CPU.Build.0 = Release|x86
		{144ADD62-8418-4B35-9762-B2EB800B5230}.AppStore|Any CPU.Deploy.0 = Release|x86
		{144ADD62-8418-4B35-9762-B2EB800B5230}.AppStore|ARM.ActiveCfg = Release|ARM
		{144ADD62-8418-4B35-9762-B2EB800B5230}.AppStore|ARM.Build.0 = Release|ARM
		{144ADD62-8418-4B35-9762-B2EB800B5230}.AppStore|ARM.Deploy.0 = Release|ARM
		{144ADD62-8418-4B35-9762-B2EB800B5230}.AppStore|iPhone.ActiveCfg = Release|x86
		{144ADD62-8418-4B35-9762-B2EB800B5230}.AppStore|iPhone.Build.0 = Release|x86
		{144ADD62-8418-4B35-9762-B2EB800B5230}.AppStore|iPhone.Deploy.0 = Release|x86
		{144ADD62-8418-4B35-9762-B2EB800B5230}.AppStore|iPhoneSimulator.ActiveCfg = Release|x86
		{144ADD62-8418-4B35-9762-B2EB800B5230}.AppStore|iPhoneSimulator.Build.0 = Release|x86
		{144ADD62-8418-4B35-9762-B2EB800B5230}.AppStore|iPhoneSimulator.Deploy.0 = Release|x86
		{144ADD62-8418-4B35-9762-B2EB800B5230}.AppStore|x64.ActiveCfg = Release|x64
		{144ADD62-8418-4B35-9762-B2EB800B5230}.AppStore|x64.Build.0 = Release|x64
		{144ADD62-8418-4B35-9762-B2EB800B5230}.AppStore|x64.Deploy.0 = Release|x64
		{144ADD62-8418-4B35-9762-B2EB800B5230}.AppStore|x86.ActiveCfg = Release|x86
		{144ADD62-8418-4B35-9762-B2EB800B5230}.AppStore|x86.Build.0 = Release|x86
		{144ADD62-8418-4B35-9762-B2EB800B5230}.AppStore|x86.Deploy.0 = Release|x86
		{144ADD62-8418-4B35-9762-B2EB800B5230}.Debug|Any CPU.ActiveCfg = Debug|x86
		{144ADD62-8418-4B35-9762-B2EB800B5230}.Debug|ARM.ActiveCfg = Debug|ARM
		{144ADD62-8418-4B35-9762-B2EB800B5230}.Debug|ARM.Build.0 = Debug|ARM
		{144ADD62-8418-4B35-9762-B2EB800B5230}.Debug|ARM.Deploy.0 = Debug|ARM
		{144ADD62-8418-4B35-9762-B2EB800B5230}.Debug|iPhone.ActiveCfg = Debug|x86
		{144ADD62-8418-4B35-9762-B2EB800B5230}.Debug|iPhoneSimulator.ActiveCfg = Debug|x86
		{144ADD62-8418-4B35-9762-B2EB800B5230}.Debug|x64.ActiveCfg = Debug|x64
		{144ADD62-8418-4B35-9762-B2EB800B5230}.Debug|x64.Build.0 = Debug|x64
		{144ADD62-8418-4B35-9762-B2EB800B5230}.Debug|x64.Deploy.0 = Debug|x64
		{144ADD62-8418-4B35-9762-B2EB800B5230}.Debug|x86.ActiveCfg = Debug|x86
		{144ADD62-8418-4B35-9762-B2EB800B5230}.Debug|x86.Build.0 = Debug|x86
		{144ADD62-8418-4B35-9762-B2EB800B5230}.Debug|x86.Deploy.0 = Debug|x86
		{144ADD62-8418-4B35-9762-B2EB800B5230}.Release|Any CPU.ActiveCfg = Release|x86
		{144ADD62-8418-4B35-9762-B2EB800B5230}.Release|ARM.ActiveCfg = Release|ARM
		{144ADD62-8418-4B35-9762-B2EB800B5230}.Release|ARM.Build.0 = Release|ARM
		{144ADD62-8418-4B35-9762-B2EB800B5230}.Release|ARM.Deploy.0 = Release|ARM
		{144ADD62-8418-4B35-9762-B2EB800B5230}.Release|iPhone.ActiveCfg = Release|x86
		{144ADD62-8418-4B35-9762-B2EB800B5230}.Release|iPhoneSimulator.ActiveCfg = Release|x86
		{144ADD62-8418-4B35-9762-B2EB800B5230}.Release|x64.ActiveCfg = Release|x64
		{144ADD62-8418-4B35-9762-B2EB800B5230}.Release|x64.Build.0 = Release|x64
		{144ADD62-8418-4B35-9762-B2EB800B5230}.Release|x64.Deploy.0 = Release|x64
		{144ADD62-8418-4B35-9762-B2EB800B5230}.Release|x86.ActiveCfg = Release|x86
		{144ADD62-8418-4B35-9762-B2EB800B5230}.Release|x86.Build.0 = Release|x86
		{144ADD62-8418-4B35-9762-B2EB800B5230}.Release|x86.Deploy.0 = Release|x86
		{04307016-0588-4DFD-AB3C-8ECB8F3528CA}.Ad-Hoc|Any CPU.ActiveCfg = Debug|Any CPU
		{04307016-0588-4DFD-AB3C-8ECB8F3528CA}.Ad-Hoc|Any CPU.Build.0 = Debug|Any CPU
		{04307016-0588-4DFD-AB3C-8ECB8F3528CA}.Ad-Hoc|ARM.ActiveCfg = Debug|Any CPU
		{04307016-0588-4DFD-AB3C-8ECB8F3528CA}.Ad-Hoc|ARM.Build.0 = Debug|Any CPU
		{04307016-0588-4DFD-AB3C-8ECB8F3528CA}.Ad-Hoc|iPhone.ActiveCfg = Debug|Any CPU
		{04307016-0588-4DFD-AB3C-8ECB8F3528CA}.Ad-Hoc|iPhone.Build.0 = Debug|Any CPU
		{04307016-0588-4DFD-AB3C-8ECB8F3528CA}.Ad-Hoc|iPhoneSimulator.ActiveCfg = Debug|Any CPU
		{04307016-0588-4DFD-AB3C-8ECB8F3528CA}.Ad-Hoc|iPhoneSimulator.Build.0 = Debug|Any CPU
		{04307016-0588-4DFD-AB3C-8ECB8F3528CA}.Ad-Hoc|x64.ActiveCfg = Debug|Any CPU
		{04307016-0588-4DFD-AB3C-8ECB8F3528CA}.Ad-Hoc|x64.Build.0 = Debug|Any CPU
		{04307016-0588-4DFD-AB3C-8ECB8F3528CA}.Ad-Hoc|x86.ActiveCfg = Debug|Any CPU
		{04307016-0588-4DFD-AB3C-8ECB8F3528CA}.Ad-Hoc|x86.Build.0 = Debug|Any CPU
		{04307016-0588-4DFD-AB3C-8ECB8F3528CA}.AppStore|Any CPU.ActiveCfg = Debug|Any CPU
		{04307016-0588-4DFD-AB3C-8ECB8F3528CA}.AppStore|Any CPU.Build.0 = Debug|Any CPU
		{04307016-0588-4DFD-AB3C-8ECB8F3528CA}.AppStore|ARM.ActiveCfg = Debug|Any CPU
		{04307016-0588-4DFD-AB3C-8ECB8F3528CA}.AppStore|ARM.Build.0 = Debug|Any CPU
		{04307016-0588-4DFD-AB3C-8ECB8F3528CA}.AppStore|iPhone.ActiveCfg = Debug|Any CPU
		{04307016-0588-4DFD-AB3C-8ECB8F3528CA}.AppStore|iPhone.Build.0 = Debug|Any CPU
		{04307016-0588-4DFD-AB3C-8ECB8F3528CA}.AppStore|iPhoneSimulator.ActiveCfg = Debug|Any CPU
		{04307016-0588-4DFD-AB3C-8ECB8F3528CA}.AppStore|iPhoneSimulator.Build.0 = Debug|Any CPU
		{04307016-0588-4DFD-AB3C-8ECB8F3528CA}.AppStore|x64.ActiveCfg = Debug|Any CPU
		{04307016-0588-4DFD-AB3C-8ECB8F3528CA}.AppStore|x64.Build.0 = Debug|Any CPU
		{04307016-0588-4DFD-AB3C-8ECB8F3528CA}.AppStore|x86.ActiveCfg = Debug|Any CPU
		{04307016-0588-4DFD-AB3C-8ECB8F3528CA}.AppStore|x86.Build.0 = Debug|Any CPU
		{04307016-0588-4DFD-AB3C-8ECB8F3528CA}.Debug|Any CPU.ActiveCfg = Debug|Any CPU
		{04307016-0588-4DFD-AB3C-8ECB8F3528CA}.Debug|Any CPU.Build.0 = Debug|Any CPU
		{04307016-0588-4DFD-AB3C-8ECB8F3528CA}.Debug|ARM.ActiveCfg = Debug|Any CPU
		{04307016-0588-4DFD-AB3C-8ECB8F3528CA}.Debug|ARM.Build.0 = Debug|Any CPU
		{04307016-0588-4DFD-AB3C-8ECB8F3528CA}.Debug|iPhone.ActiveCfg = Debug|Any CPU
		{04307016-0588-4DFD-AB3C-8ECB8F3528CA}.Debug|iPhone.Build.0 = Debug|Any CPU
		{04307016-0588-4DFD-AB3C-8ECB8F3528CA}.Debug|iPhoneSimulator.ActiveCfg = Debug|Any CPU
		{04307016-0588-4DFD-AB3C-8ECB8F3528CA}.Debug|iPhoneSimulator.Build.0 = Debug|Any CPU
		{04307016-0588-4DFD-AB3C-8ECB8F3528CA}.Debug|x64.ActiveCfg = Debug|Any CPU
		{04307016-0588-4DFD-AB3C-8ECB8F3528CA}.Debug|x64.Build.0 = Debug|Any CPU
		{04307016-0588-4DFD-AB3C-8ECB8F3528CA}.Debug|x86.ActiveCfg = Debug|Any CPU
		{04307016-0588-4DFD-AB3C-8ECB8F3528CA}.Debug|x86.Build.0 = Debug|Any CPU
		{04307016-0588-4DFD-AB3C-8ECB8F3528CA}.Release|Any CPU.ActiveCfg = Release|Any CPU
		{04307016-0588-4DFD-AB3C-8ECB8F3528CA}.Release|Any CPU.Build.0 = Release|Any CPU
		{04307016-0588-4DFD-AB3C-8ECB8F3528CA}.Release|ARM.ActiveCfg = Release|Any CPU
		{04307016-0588-4DFD-AB3C-8ECB8F3528CA}.Release|ARM.Build.0 = Release|Any CPU
		{04307016-0588-4DFD-AB3C-8ECB8F3528CA}.Release|iPhone.ActiveCfg = Release|Any CPU
		{04307016-0588-4DFD-AB3C-8ECB8F3528CA}.Release|iPhone.Build.0 = Release|Any CPU
		{04307016-0588-4DFD-AB3C-8ECB8F3528CA}.Release|iPhoneSimulator.ActiveCfg = Release|Any CPU
		{04307016-0588-4DFD-AB3C-8ECB8F3528CA}.Release|iPhoneSimulator.Build.0 = Release|Any CPU
		{04307016-0588-4DFD-AB3C-8ECB8F3528CA}.Release|x64.ActiveCfg = Release|Any CPU
		{04307016-0588-4DFD-AB3C-8ECB8F3528CA}.Release|x64.Build.0 = Release|Any CPU
		{04307016-0588-4DFD-AB3C-8ECB8F3528CA}.Release|x86.ActiveCfg = Release|Any CPU
		{04307016-0588-4DFD-AB3C-8ECB8F3528CA}.Release|x86.Build.0 = Release|Any CPU
		{59183EAD-786E-41D2-B0C9-752DD7EA5A0B}.Ad-Hoc|Any CPU.ActiveCfg = Release|Any CPU
		{59183EAD-786E-41D2-B0C9-752DD7EA5A0B}.Ad-Hoc|Any CPU.Build.0 = Release|Any CPU
		{59183EAD-786E-41D2-B0C9-752DD7EA5A0B}.Ad-Hoc|Any CPU.Deploy.0 = Release|Any CPU
		{59183EAD-786E-41D2-B0C9-752DD7EA5A0B}.Ad-Hoc|ARM.ActiveCfg = Release|Any CPU
		{59183EAD-786E-41D2-B0C9-752DD7EA5A0B}.Ad-Hoc|ARM.Build.0 = Release|Any CPU
		{59183EAD-786E-41D2-B0C9-752DD7EA5A0B}.Ad-Hoc|ARM.Deploy.0 = Release|Any CPU
		{59183EAD-786E-41D2-B0C9-752DD7EA5A0B}.Ad-Hoc|iPhone.ActiveCfg = Release|Any CPU
		{59183EAD-786E-41D2-B0C9-752DD7EA5A0B}.Ad-Hoc|iPhone.Build.0 = Release|Any CPU
		{59183EAD-786E-41D2-B0C9-752DD7EA5A0B}.Ad-Hoc|iPhone.Deploy.0 = Release|Any CPU
		{59183EAD-786E-41D2-B0C9-752DD7EA5A0B}.Ad-Hoc|iPhoneSimulator.ActiveCfg = Release|Any CPU
		{59183EAD-786E-41D2-B0C9-752DD7EA5A0B}.Ad-Hoc|iPhoneSimulator.Build.0 = Release|Any CPU
		{59183EAD-786E-41D2-B0C9-752DD7EA5A0B}.Ad-Hoc|iPhoneSimulator.Deploy.0 = Release|Any CPU
		{59183EAD-786E-41D2-B0C9-752DD7EA5A0B}.Ad-Hoc|x64.ActiveCfg = Release|Any CPU
		{59183EAD-786E-41D2-B0C9-752DD7EA5A0B}.Ad-Hoc|x64.Build.0 = Release|Any CPU
		{59183EAD-786E-41D2-B0C9-752DD7EA5A0B}.Ad-Hoc|x64.Deploy.0 = Release|Any CPU
		{59183EAD-786E-41D2-B0C9-752DD7EA5A0B}.Ad-Hoc|x86.ActiveCfg = Release|Any CPU
		{59183EAD-786E-41D2-B0C9-752DD7EA5A0B}.Ad-Hoc|x86.Build.0 = Release|Any CPU
		{59183EAD-786E-41D2-B0C9-752DD7EA5A0B}.Ad-Hoc|x86.Deploy.0 = Release|Any CPU
		{59183EAD-786E-41D2-B0C9-752DD7EA5A0B}.AppStore|Any CPU.ActiveCfg = Release|Any CPU
		{59183EAD-786E-41D2-B0C9-752DD7EA5A0B}.AppStore|Any CPU.Build.0 = Release|Any CPU
		{59183EAD-786E-41D2-B0C9-752DD7EA5A0B}.AppStore|Any CPU.Deploy.0 = Release|Any CPU
		{59183EAD-786E-41D2-B0C9-752DD7EA5A0B}.AppStore|ARM.ActiveCfg = Release|Any CPU
		{59183EAD-786E-41D2-B0C9-752DD7EA5A0B}.AppStore|ARM.Build.0 = Release|Any CPU
		{59183EAD-786E-41D2-B0C9-752DD7EA5A0B}.AppStore|ARM.Deploy.0 = Release|Any CPU
		{59183EAD-786E-41D2-B0C9-752DD7EA5A0B}.AppStore|iPhone.ActiveCfg = Release|Any CPU
		{59183EAD-786E-41D2-B0C9-752DD7EA5A0B}.AppStore|iPhone.Build.0 = Release|Any CPU
		{59183EAD-786E-41D2-B0C9-752DD7EA5A0B}.AppStore|iPhone.Deploy.0 = Release|Any CPU
		{59183EAD-786E-41D2-B0C9-752DD7EA5A0B}.AppStore|iPhoneSimulator.ActiveCfg = Release|Any CPU
		{59183EAD-786E-41D2-B0C9-752DD7EA5A0B}.AppStore|iPhoneSimulator.Build.0 = Release|Any CPU
		{59183EAD-786E-41D2-B0C9-752DD7EA5A0B}.AppStore|iPhoneSimulator.Deploy.0 = Release|Any CPU
		{59183EAD-786E-41D2-B0C9-752DD7EA5A0B}.AppStore|x64.ActiveCfg = Release|Any CPU
		{59183EAD-786E-41D2-B0C9-752DD7EA5A0B}.AppStore|x64.Build.0 = Release|Any CPU
		{59183EAD-786E-41D2-B0C9-752DD7EA5A0B}.AppStore|x64.Deploy.0 = Release|Any CPU
		{59183EAD-786E-41D2-B0C9-752DD7EA5A0B}.AppStore|x86.ActiveCfg = Release|Any CPU
		{59183EAD-786E-41D2-B0C9-752DD7EA5A0B}.AppStore|x86.Build.0 = Release|Any CPU
		{59183EAD-786E-41D2-B0C9-752DD7EA5A0B}.AppStore|x86.Deploy.0 = Release|Any CPU
		{59183EAD-786E-41D2-B0C9-752DD7EA5A0B}.Debug|Any CPU.ActiveCfg = Debug|Any CPU
		{59183EAD-786E-41D2-B0C9-752DD7EA5A0B}.Debug|Any CPU.Build.0 = Debug|Any CPU
		{59183EAD-786E-41D2-B0C9-752DD7EA5A0B}.Debug|Any CPU.Deploy.0 = Debug|Any CPU
		{59183EAD-786E-41D2-B0C9-752DD7EA5A0B}.Debug|ARM.ActiveCfg = Debug|Any CPU
		{59183EAD-786E-41D2-B0C9-752DD7EA5A0B}.Debug|ARM.Build.0 = Debug|Any CPU
		{59183EAD-786E-41D2-B0C9-752DD7EA5A0B}.Debug|ARM.Deploy.0 = Debug|Any CPU
		{59183EAD-786E-41D2-B0C9-752DD7EA5A0B}.Debug|iPhone.ActiveCfg = Debug|Any CPU
		{59183EAD-786E-41D2-B0C9-752DD7EA5A0B}.Debug|iPhone.Build.0 = Debug|Any CPU
		{59183EAD-786E-41D2-B0C9-752DD7EA5A0B}.Debug|iPhone.Deploy.0 = Debug|Any CPU
		{59183EAD-786E-41D2-B0C9-752DD7EA5A0B}.Debug|iPhoneSimulator.ActiveCfg = Debug|Any CPU
		{59183EAD-786E-41D2-B0C9-752DD7EA5A0B}.Debug|iPhoneSimulator.Build.0 = Debug|Any CPU
		{59183EAD-786E-41D2-B0C9-752DD7EA5A0B}.Debug|iPhoneSimulator.Deploy.0 = Debug|Any CPU
		{59183EAD-786E-41D2-B0C9-752DD7EA5A0B}.Debug|x64.ActiveCfg = Debug|Any CPU
		{59183EAD-786E-41D2-B0C9-752DD7EA5A0B}.Debug|x64.Build.0 = Debug|Any CPU
		{59183EAD-786E-41D2-B0C9-752DD7EA5A0B}.Debug|x64.Deploy.0 = Debug|Any CPU
		{59183EAD-786E-41D2-B0C9-752DD7EA5A0B}.Debug|x86.ActiveCfg = Debug|Any CPU
		{59183EAD-786E-41D2-B0C9-752DD7EA5A0B}.Debug|x86.Build.0 = Debug|Any CPU
		{59183EAD-786E-41D2-B0C9-752DD7EA5A0B}.Debug|x86.Deploy.0 = Debug|Any CPU
		{59183EAD-786E-41D2-B0C9-752DD7EA5A0B}.Release|Any CPU.ActiveCfg = Release|Any CPU
		{59183EAD-786E-41D2-B0C9-752DD7EA5A0B}.Release|Any CPU.Build.0 = Release|Any CPU
		{59183EAD-786E-41D2-B0C9-752DD7EA5A0B}.Release|Any CPU.Deploy.0 = Release|Any CPU
		{59183EAD-786E-41D2-B0C9-752DD7EA5A0B}.Release|ARM.ActiveCfg = Release|Any CPU
		{59183EAD-786E-41D2-B0C9-752DD7EA5A0B}.Release|ARM.Build.0 = Release|Any CPU
		{59183EAD-786E-41D2-B0C9-752DD7EA5A0B}.Release|ARM.Deploy.0 = Release|Any CPU
		{59183EAD-786E-41D2-B0C9-752DD7EA5A0B}.Release|iPhone.ActiveCfg = Release|Any CPU
		{59183EAD-786E-41D2-B0C9-752DD7EA5A0B}.Release|iPhone.Build.0 = Release|Any CPU
		{59183EAD-786E-41D2-B0C9-752DD7EA5A0B}.Release|iPhone.Deploy.0 = Release|Any CPU
		{59183EAD-786E-41D2-B0C9-752DD7EA5A0B}.Release|iPhoneSimulator.ActiveCfg = Release|Any CPU
		{59183EAD-786E-41D2-B0C9-752DD7EA5A0B}.Release|iPhoneSimulator.Build.0 = Release|Any CPU
		{59183EAD-786E-41D2-B0C9-752DD7EA5A0B}.Release|iPhoneSimulator.Deploy.0 = Release|Any CPU
		{59183EAD-786E-41D2-B0C9-752DD7EA5A0B}.Release|x64.ActiveCfg = Release|Any CPU
		{59183EAD-786E-41D2-B0C9-752DD7EA5A0B}.Release|x64.Build.0 = Release|Any CPU
		{59183EAD-786E-41D2-B0C9-752DD7EA5A0B}.Release|x64.Deploy.0 = Release|Any CPU
		{59183EAD-786E-41D2-B0C9-752DD7EA5A0B}.Release|x86.ActiveCfg = Release|Any CPU
		{59183EAD-786E-41D2-B0C9-752DD7EA5A0B}.Release|x86.Build.0 = Release|Any CPU
		{59183EAD-786E-41D2-B0C9-752DD7EA5A0B}.Release|x86.Deploy.0 = Release|Any CPU
		{C249D85F-8131-4FDF-8C55-CEEE4E9EA240}.Ad-Hoc|Any CPU.ActiveCfg = Ad-Hoc|iPhone
		{C249D85F-8131-4FDF-8C55-CEEE4E9EA240}.Ad-Hoc|ARM.ActiveCfg = Ad-Hoc|iPhone
		{C249D85F-8131-4FDF-8C55-CEEE4E9EA240}.Ad-Hoc|iPhone.ActiveCfg = Ad-Hoc|iPhone
		{C249D85F-8131-4FDF-8C55-CEEE4E9EA240}.Ad-Hoc|iPhone.Build.0 = Ad-Hoc|iPhone
		{C249D85F-8131-4FDF-8C55-CEEE4E9EA240}.Ad-Hoc|iPhoneSimulator.ActiveCfg = Ad-Hoc|iPhoneSimulator
		{C249D85F-8131-4FDF-8C55-CEEE4E9EA240}.Ad-Hoc|iPhoneSimulator.Build.0 = Ad-Hoc|iPhoneSimulator
		{C249D85F-8131-4FDF-8C55-CEEE4E9EA240}.Ad-Hoc|x64.ActiveCfg = Ad-Hoc|iPhone
		{C249D85F-8131-4FDF-8C55-CEEE4E9EA240}.Ad-Hoc|x86.ActiveCfg = Ad-Hoc|iPhone
		{C249D85F-8131-4FDF-8C55-CEEE4E9EA240}.AppStore|Any CPU.ActiveCfg = AppStore|iPhone
		{C249D85F-8131-4FDF-8C55-CEEE4E9EA240}.AppStore|ARM.ActiveCfg = AppStore|iPhone
		{C249D85F-8131-4FDF-8C55-CEEE4E9EA240}.AppStore|iPhone.ActiveCfg = AppStore|iPhone
		{C249D85F-8131-4FDF-8C55-CEEE4E9EA240}.AppStore|iPhone.Build.0 = AppStore|iPhone
		{C249D85F-8131-4FDF-8C55-CEEE4E9EA240}.AppStore|iPhoneSimulator.ActiveCfg = AppStore|iPhoneSimulator
		{C249D85F-8131-4FDF-8C55-CEEE4E9EA240}.AppStore|iPhoneSimulator.Build.0 = AppStore|iPhoneSimulator
		{C249D85F-8131-4FDF-8C55-CEEE4E9EA240}.AppStore|x64.ActiveCfg = AppStore|iPhone
		{C249D85F-8131-4FDF-8C55-CEEE4E9EA240}.AppStore|x86.ActiveCfg = AppStore|iPhone
		{C249D85F-8131-4FDF-8C55-CEEE4E9EA240}.Debug|Any CPU.ActiveCfg = Debug|iPhone
		{C249D85F-8131-4FDF-8C55-CEEE4E9EA240}.Debug|ARM.ActiveCfg = Debug|iPhone
		{C249D85F-8131-4FDF-8C55-CEEE4E9EA240}.Debug|iPhone.ActiveCfg = Debug|iPhone
		{C249D85F-8131-4FDF-8C55-CEEE4E9EA240}.Debug|iPhone.Build.0 = Debug|iPhone
		{C249D85F-8131-4FDF-8C55-CEEE4E9EA240}.Debug|iPhoneSimulator.ActiveCfg = Debug|iPhoneSimulator
		{C249D85F-8131-4FDF-8C55-CEEE4E9EA240}.Debug|iPhoneSimulator.Build.0 = Debug|iPhoneSimulator
		{C249D85F-8131-4FDF-8C55-CEEE4E9EA240}.Debug|x64.ActiveCfg = Debug|iPhone
		{C249D85F-8131-4FDF-8C55-CEEE4E9EA240}.Debug|x86.ActiveCfg = Debug|iPhone
		{C249D85F-8131-4FDF-8C55-CEEE4E9EA240}.Release|Any CPU.ActiveCfg = Release|iPhone
		{C249D85F-8131-4FDF-8C55-CEEE4E9EA240}.Release|ARM.ActiveCfg = Release|iPhone
		{C249D85F-8131-4FDF-8C55-CEEE4E9EA240}.Release|iPhone.ActiveCfg = Release|iPhone
		{C249D85F-8131-4FDF-8C55-CEEE4E9EA240}.Release|iPhone.Build.0 = Release|iPhone
		{C249D85F-8131-4FDF-8C55-CEEE4E9EA240}.Release|iPhoneSimulator.ActiveCfg = Release|iPhoneSimulator
		{C249D85F-8131-4FDF-8C55-CEEE4E9EA240}.Release|iPhoneSimulator.Build.0 = Release|iPhoneSimulator
		{C249D85F-8131-4FDF-8C55-CEEE4E9EA240}.Release|x64.ActiveCfg = Release|iPhone
		{C249D85F-8131-4FDF-8C55-CEEE4E9EA240}.Release|x86.ActiveCfg = Release|iPhone
		{F1C5FD2A-1331-4EC5-9C52-2A25D5B932A8}.Ad-Hoc|Any CPU.ActiveCfg = Release|x86
		{F1C5FD2A-1331-4EC5-9C52-2A25D5B932A8}.Ad-Hoc|Any CPU.Build.0 = Release|x86
		{F1C5FD2A-1331-4EC5-9C52-2A25D5B932A8}.Ad-Hoc|Any CPU.Deploy.0 = Release|x86
		{F1C5FD2A-1331-4EC5-9C52-2A25D5B932A8}.Ad-Hoc|ARM.ActiveCfg = Release|ARM
		{F1C5FD2A-1331-4EC5-9C52-2A25D5B932A8}.Ad-Hoc|ARM.Build.0 = Release|ARM
		{F1C5FD2A-1331-4EC5-9C52-2A25D5B932A8}.Ad-Hoc|ARM.Deploy.0 = Release|ARM
		{F1C5FD2A-1331-4EC5-9C52-2A25D5B932A8}.Ad-Hoc|iPhone.ActiveCfg = Release|x86
		{F1C5FD2A-1331-4EC5-9C52-2A25D5B932A8}.Ad-Hoc|iPhone.Build.0 = Release|x86
		{F1C5FD2A-1331-4EC5-9C52-2A25D5B932A8}.Ad-Hoc|iPhone.Deploy.0 = Release|x86
		{F1C5FD2A-1331-4EC5-9C52-2A25D5B932A8}.Ad-Hoc|iPhoneSimulator.ActiveCfg = Release|x86
		{F1C5FD2A-1331-4EC5-9C52-2A25D5B932A8}.Ad-Hoc|iPhoneSimulator.Build.0 = Release|x86
		{F1C5FD2A-1331-4EC5-9C52-2A25D5B932A8}.Ad-Hoc|iPhoneSimulator.Deploy.0 = Release|x86
		{F1C5FD2A-1331-4EC5-9C52-2A25D5B932A8}.Ad-Hoc|x64.ActiveCfg = Release|x64
		{F1C5FD2A-1331-4EC5-9C52-2A25D5B932A8}.Ad-Hoc|x64.Build.0 = Release|x64
		{F1C5FD2A-1331-4EC5-9C52-2A25D5B932A8}.Ad-Hoc|x64.Deploy.0 = Release|x64
		{F1C5FD2A-1331-4EC5-9C52-2A25D5B932A8}.Ad-Hoc|x86.ActiveCfg = Release|x86
		{F1C5FD2A-1331-4EC5-9C52-2A25D5B932A8}.Ad-Hoc|x86.Build.0 = Release|x86
		{F1C5FD2A-1331-4EC5-9C52-2A25D5B932A8}.Ad-Hoc|x86.Deploy.0 = Release|x86
		{F1C5FD2A-1331-4EC5-9C52-2A25D5B932A8}.AppStore|Any CPU.ActiveCfg = Release|x86
		{F1C5FD2A-1331-4EC5-9C52-2A25D5B932A8}.AppStore|Any CPU.Build.0 = Release|x86
		{F1C5FD2A-1331-4EC5-9C52-2A25D5B932A8}.AppStore|Any CPU.Deploy.0 = Release|x86
		{F1C5FD2A-1331-4EC5-9C52-2A25D5B932A8}.AppStore|ARM.ActiveCfg = Release|ARM
		{F1C5FD2A-1331-4EC5-9C52-2A25D5B932A8}.AppStore|ARM.Build.0 = Release|ARM
		{F1C5FD2A-1331-4EC5-9C52-2A25D5B932A8}.AppStore|ARM.Deploy.0 = Release|ARM
		{F1C5FD2A-1331-4EC5-9C52-2A25D5B932A8}.AppStore|iPhone.ActiveCfg = Release|x86
		{F1C5FD2A-1331-4EC5-9C52-2A25D5B932A8}.AppStore|iPhone.Build.0 = Release|x86
		{F1C5FD2A-1331-4EC5-9C52-2A25D5B932A8}.AppStore|iPhone.Deploy.0 = Release|x86
		{F1C5FD2A-1331-4EC5-9C52-2A25D5B932A8}.AppStore|iPhoneSimulator.ActiveCfg = Release|x86
		{F1C5FD2A-1331-4EC5-9C52-2A25D5B932A8}.AppStore|iPhoneSimulator.Build.0 = Release|x86
		{F1C5FD2A-1331-4EC5-9C52-2A25D5B932A8}.AppStore|iPhoneSimulator.Deploy.0 = Release|x86
		{F1C5FD2A-1331-4EC5-9C52-2A25D5B932A8}.AppStore|x64.ActiveCfg = Release|x64
		{F1C5FD2A-1331-4EC5-9C52-2A25D5B932A8}.AppStore|x64.Build.0 = Release|x64
		{F1C5FD2A-1331-4EC5-9C52-2A25D5B932A8}.AppStore|x64.Deploy.0 = Release|x64
		{F1C5FD2A-1331-4EC5-9C52-2A25D5B932A8}.AppStore|x86.ActiveCfg = Release|x86
		{F1C5FD2A-1331-4EC5-9C52-2A25D5B932A8}.AppStore|x86.Build.0 = Release|x86
		{F1C5FD2A-1331-4EC5-9C52-2A25D5B932A8}.AppStore|x86.Deploy.0 = Release|x86
		{F1C5FD2A-1331-4EC5-9C52-2A25D5B932A8}.Debug|Any CPU.ActiveCfg = Debug|x86
		{F1C5FD2A-1331-4EC5-9C52-2A25D5B932A8}.Debug|ARM.ActiveCfg = Debug|ARM
		{F1C5FD2A-1331-4EC5-9C52-2A25D5B932A8}.Debug|ARM.Build.0 = Debug|ARM
		{F1C5FD2A-1331-4EC5-9C52-2A25D5B932A8}.Debug|ARM.Deploy.0 = Debug|ARM
		{F1C5FD2A-1331-4EC5-9C52-2A25D5B932A8}.Debug|iPhone.ActiveCfg = Debug|x86
		{F1C5FD2A-1331-4EC5-9C52-2A25D5B932A8}.Debug|iPhoneSimulator.ActiveCfg = Debug|x86
		{F1C5FD2A-1331-4EC5-9C52-2A25D5B932A8}.Debug|x64.ActiveCfg = Debug|x64
		{F1C5FD2A-1331-4EC5-9C52-2A25D5B932A8}.Debug|x64.Build.0 = Debug|x64
		{F1C5FD2A-1331-4EC5-9C52-2A25D5B932A8}.Debug|x64.Deploy.0 = Debug|x64
		{F1C5FD2A-1331-4EC5-9C52-2A25D5B932A8}.Debug|x86.ActiveCfg = Debug|x86
		{F1C5FD2A-1331-4EC5-9C52-2A25D5B932A8}.Debug|x86.Build.0 = Debug|x86
		{F1C5FD2A-1331-4EC5-9C52-2A25D5B932A8}.Debug|x86.Deploy.0 = Debug|x86
		{F1C5FD2A-1331-4EC5-9C52-2A25D5B932A8}.Release|Any CPU.ActiveCfg = Release|x86
		{F1C5FD2A-1331-4EC5-9C52-2A25D5B932A8}.Release|ARM.ActiveCfg = Release|ARM
		{F1C5FD2A-1331-4EC5-9C52-2A25D5B932A8}.Release|ARM.Build.0 = Release|ARM
		{F1C5FD2A-1331-4EC5-9C52-2A25D5B932A8}.Release|ARM.Deploy.0 = Release|ARM
		{F1C5FD2A-1331-4EC5-9C52-2A25D5B932A8}.Release|iPhone.ActiveCfg = Release|x86
		{F1C5FD2A-1331-4EC5-9C52-2A25D5B932A8}.Release|iPhoneSimulator.ActiveCfg = Release|x86
		{F1C5FD2A-1331-4EC5-9C52-2A25D5B932A8}.Release|x64.ActiveCfg = Release|x64
		{F1C5FD2A-1331-4EC5-9C52-2A25D5B932A8}.Release|x64.Build.0 = Release|x64
		{F1C5FD2A-1331-4EC5-9C52-2A25D5B932A8}.Release|x64.Deploy.0 = Release|x64
		{F1C5FD2A-1331-4EC5-9C52-2A25D5B932A8}.Release|x86.ActiveCfg = Release|x86
		{F1C5FD2A-1331-4EC5-9C52-2A25D5B932A8}.Release|x86.Build.0 = Release|x86
		{F1C5FD2A-1331-4EC5-9C52-2A25D5B932A8}.Release|x86.Deploy.0 = Release|x86
		{D24A329E-FE80-4B6B-B830-305E11B938E4}.Ad-Hoc|Any CPU.ActiveCfg = Debug|Any CPU
		{D24A329E-FE80-4B6B-B830-305E11B938E4}.Ad-Hoc|Any CPU.Build.0 = Debug|Any CPU
		{D24A329E-FE80-4B6B-B830-305E11B938E4}.Ad-Hoc|ARM.ActiveCfg = Debug|Any CPU
		{D24A329E-FE80-4B6B-B830-305E11B938E4}.Ad-Hoc|ARM.Build.0 = Debug|Any CPU
		{D24A329E-FE80-4B6B-B830-305E11B938E4}.Ad-Hoc|iPhone.ActiveCfg = Debug|Any CPU
		{D24A329E-FE80-4B6B-B830-305E11B938E4}.Ad-Hoc|iPhone.Build.0 = Debug|Any CPU
		{D24A329E-FE80-4B6B-B830-305E11B938E4}.Ad-Hoc|iPhoneSimulator.ActiveCfg = Debug|Any CPU
		{D24A329E-FE80-4B6B-B830-305E11B938E4}.Ad-Hoc|iPhoneSimulator.Build.0 = Debug|Any CPU
		{D24A329E-FE80-4B6B-B830-305E11B938E4}.Ad-Hoc|x64.ActiveCfg = Debug|Any CPU
		{D24A329E-FE80-4B6B-B830-305E11B938E4}.Ad-Hoc|x64.Build.0 = Debug|Any CPU
		{D24A329E-FE80-4B6B-B830-305E11B938E4}.Ad-Hoc|x86.ActiveCfg = Debug|Any CPU
		{D24A329E-FE80-4B6B-B830-305E11B938E4}.Ad-Hoc|x86.Build.0 = Debug|Any CPU
		{D24A329E-FE80-4B6B-B830-305E11B938E4}.AppStore|Any CPU.ActiveCfg = Debug|Any CPU
		{D24A329E-FE80-4B6B-B830-305E11B938E4}.AppStore|Any CPU.Build.0 = Debug|Any CPU
		{D24A329E-FE80-4B6B-B830-305E11B938E4}.AppStore|ARM.ActiveCfg = Debug|Any CPU
		{D24A329E-FE80-4B6B-B830-305E11B938E4}.AppStore|ARM.Build.0 = Debug|Any CPU
		{D24A329E-FE80-4B6B-B830-305E11B938E4}.AppStore|iPhone.ActiveCfg = Debug|Any CPU
		{D24A329E-FE80-4B6B-B830-305E11B938E4}.AppStore|iPhone.Build.0 = Debug|Any CPU
		{D24A329E-FE80-4B6B-B830-305E11B938E4}.AppStore|iPhoneSimulator.ActiveCfg = Debug|Any CPU
		{D24A329E-FE80-4B6B-B830-305E11B938E4}.AppStore|iPhoneSimulator.Build.0 = Debug|Any CPU
		{D24A329E-FE80-4B6B-B830-305E11B938E4}.AppStore|x64.ActiveCfg = Debug|Any CPU
		{D24A329E-FE80-4B6B-B830-305E11B938E4}.AppStore|x64.Build.0 = Debug|Any CPU
		{D24A329E-FE80-4B6B-B830-305E11B938E4}.AppStore|x86.ActiveCfg = Debug|Any CPU
		{D24A329E-FE80-4B6B-B830-305E11B938E4}.AppStore|x86.Build.0 = Debug|Any CPU
		{D24A329E-FE80-4B6B-B830-305E11B938E4}.Debug|Any CPU.ActiveCfg = Debug|Any CPU
		{D24A329E-FE80-4B6B-B830-305E11B938E4}.Debug|Any CPU.Build.0 = Debug|Any CPU
		{D24A329E-FE80-4B6B-B830-305E11B938E4}.Debug|ARM.ActiveCfg = Debug|Any CPU
		{D24A329E-FE80-4B6B-B830-305E11B938E4}.Debug|ARM.Build.0 = Debug|Any CPU
		{D24A329E-FE80-4B6B-B830-305E11B938E4}.Debug|iPhone.ActiveCfg = Debug|Any CPU
		{D24A329E-FE80-4B6B-B830-305E11B938E4}.Debug|iPhone.Build.0 = Debug|Any CPU
		{D24A329E-FE80-4B6B-B830-305E11B938E4}.Debug|iPhoneSimulator.ActiveCfg = Debug|Any CPU
		{D24A329E-FE80-4B6B-B830-305E11B938E4}.Debug|iPhoneSimulator.Build.0 = Debug|Any CPU
		{D24A329E-FE80-4B6B-B830-305E11B938E4}.Debug|x64.ActiveCfg = Debug|Any CPU
		{D24A329E-FE80-4B6B-B830-305E11B938E4}.Debug|x64.Build.0 = Debug|Any CPU
		{D24A329E-FE80-4B6B-B830-305E11B938E4}.Debug|x86.ActiveCfg = Debug|Any CPU
		{D24A329E-FE80-4B6B-B830-305E11B938E4}.Debug|x86.Build.0 = Debug|Any CPU
		{D24A329E-FE80-4B6B-B830-305E11B938E4}.Release|Any CPU.ActiveCfg = Release|Any CPU
		{D24A329E-FE80-4B6B-B830-305E11B938E4}.Release|Any CPU.Build.0 = Release|Any CPU
		{D24A329E-FE80-4B6B-B830-305E11B938E4}.Release|ARM.ActiveCfg = Release|Any CPU
		{D24A329E-FE80-4B6B-B830-305E11B938E4}.Release|ARM.Build.0 = Release|Any CPU
		{D24A329E-FE80-4B6B-B830-305E11B938E4}.Release|iPhone.ActiveCfg = Release|Any CPU
		{D24A329E-FE80-4B6B-B830-305E11B938E4}.Release|iPhone.Build.0 = Release|Any CPU
		{D24A329E-FE80-4B6B-B830-305E11B938E4}.Release|iPhoneSimulator.ActiveCfg = Release|Any CPU
		{D24A329E-FE80-4B6B-B830-305E11B938E4}.Release|iPhoneSimulator.Build.0 = Release|Any CPU
		{D24A329E-FE80-4B6B-B830-305E11B938E4}.Release|x64.ActiveCfg = Release|Any CPU
		{D24A329E-FE80-4B6B-B830-305E11B938E4}.Release|x64.Build.0 = Release|Any CPU
		{D24A329E-FE80-4B6B-B830-305E11B938E4}.Release|x86.ActiveCfg = Release|Any CPU
		{D24A329E-FE80-4B6B-B830-305E11B938E4}.Release|x86.Build.0 = Release|Any CPU
		{263A423E-99B0-4038-A1C6-CB9BDFEE581C}.Ad-Hoc|Any CPU.ActiveCfg = Release|Any CPU
		{263A423E-99B0-4038-A1C6-CB9BDFEE581C}.Ad-Hoc|Any CPU.Build.0 = Release|Any CPU
		{263A423E-99B0-4038-A1C6-CB9BDFEE581C}.Ad-Hoc|Any CPU.Deploy.0 = Release|Any CPU
		{263A423E-99B0-4038-A1C6-CB9BDFEE581C}.Ad-Hoc|ARM.ActiveCfg = Release|Any CPU
		{263A423E-99B0-4038-A1C6-CB9BDFEE581C}.Ad-Hoc|ARM.Build.0 = Release|Any CPU
		{263A423E-99B0-4038-A1C6-CB9BDFEE581C}.Ad-Hoc|ARM.Deploy.0 = Release|Any CPU
		{263A423E-99B0-4038-A1C6-CB9BDFEE581C}.Ad-Hoc|iPhone.ActiveCfg = Release|Any CPU
		{263A423E-99B0-4038-A1C6-CB9BDFEE581C}.Ad-Hoc|iPhone.Build.0 = Release|Any CPU
		{263A423E-99B0-4038-A1C6-CB9BDFEE581C}.Ad-Hoc|iPhone.Deploy.0 = Release|Any CPU
		{263A423E-99B0-4038-A1C6-CB9BDFEE581C}.Ad-Hoc|iPhoneSimulator.ActiveCfg = Release|Any CPU
		{263A423E-99B0-4038-A1C6-CB9BDFEE581C}.Ad-Hoc|iPhoneSimulator.Build.0 = Release|Any CPU
		{263A423E-99B0-4038-A1C6-CB9BDFEE581C}.Ad-Hoc|iPhoneSimulator.Deploy.0 = Release|Any CPU
		{263A423E-99B0-4038-A1C6-CB9BDFEE581C}.Ad-Hoc|x64.ActiveCfg = Release|Any CPU
		{263A423E-99B0-4038-A1C6-CB9BDFEE581C}.Ad-Hoc|x64.Build.0 = Release|Any CPU
		{263A423E-99B0-4038-A1C6-CB9BDFEE581C}.Ad-Hoc|x64.Deploy.0 = Release|Any CPU
		{263A423E-99B0-4038-A1C6-CB9BDFEE581C}.Ad-Hoc|x86.ActiveCfg = Release|Any CPU
		{263A423E-99B0-4038-A1C6-CB9BDFEE581C}.Ad-Hoc|x86.Build.0 = Release|Any CPU
		{263A423E-99B0-4038-A1C6-CB9BDFEE581C}.Ad-Hoc|x86.Deploy.0 = Release|Any CPU
		{263A423E-99B0-4038-A1C6-CB9BDFEE581C}.AppStore|Any CPU.ActiveCfg = Release|Any CPU
		{263A423E-99B0-4038-A1C6-CB9BDFEE581C}.AppStore|Any CPU.Build.0 = Release|Any CPU
		{263A423E-99B0-4038-A1C6-CB9BDFEE581C}.AppStore|Any CPU.Deploy.0 = Release|Any CPU
		{263A423E-99B0-4038-A1C6-CB9BDFEE581C}.AppStore|ARM.ActiveCfg = Release|Any CPU
		{263A423E-99B0-4038-A1C6-CB9BDFEE581C}.AppStore|ARM.Build.0 = Release|Any CPU
		{263A423E-99B0-4038-A1C6-CB9BDFEE581C}.AppStore|ARM.Deploy.0 = Release|Any CPU
		{263A423E-99B0-4038-A1C6-CB9BDFEE581C}.AppStore|iPhone.ActiveCfg = Release|Any CPU
		{263A423E-99B0-4038-A1C6-CB9BDFEE581C}.AppStore|iPhone.Build.0 = Release|Any CPU
		{263A423E-99B0-4038-A1C6-CB9BDFEE581C}.AppStore|iPhone.Deploy.0 = Release|Any CPU
		{263A423E-99B0-4038-A1C6-CB9BDFEE581C}.AppStore|iPhoneSimulator.ActiveCfg = Release|Any CPU
		{263A423E-99B0-4038-A1C6-CB9BDFEE581C}.AppStore|iPhoneSimulator.Build.0 = Release|Any CPU
		{263A423E-99B0-4038-A1C6-CB9BDFEE581C}.AppStore|iPhoneSimulator.Deploy.0 = Release|Any CPU
		{263A423E-99B0-4038-A1C6-CB9BDFEE581C}.AppStore|x64.ActiveCfg = Release|Any CPU
		{263A423E-99B0-4038-A1C6-CB9BDFEE581C}.AppStore|x64.Build.0 = Release|Any CPU
		{263A423E-99B0-4038-A1C6-CB9BDFEE581C}.AppStore|x64.Deploy.0 = Release|Any CPU
		{263A423E-99B0-4038-A1C6-CB9BDFEE581C}.AppStore|x86.ActiveCfg = Release|Any CPU
		{263A423E-99B0-4038-A1C6-CB9BDFEE581C}.AppStore|x86.Build.0 = Release|Any CPU
		{263A423E-99B0-4038-A1C6-CB9BDFEE581C}.AppStore|x86.Deploy.0 = Release|Any CPU
		{263A423E-99B0-4038-A1C6-CB9BDFEE581C}.Debug|Any CPU.ActiveCfg = Debug|Any CPU
		{263A423E-99B0-4038-A1C6-CB9BDFEE581C}.Debug|Any CPU.Build.0 = Debug|Any CPU
		{263A423E-99B0-4038-A1C6-CB9BDFEE581C}.Debug|Any CPU.Deploy.0 = Debug|Any CPU
		{263A423E-99B0-4038-A1C6-CB9BDFEE581C}.Debug|ARM.ActiveCfg = Debug|Any CPU
		{263A423E-99B0-4038-A1C6-CB9BDFEE581C}.Debug|ARM.Build.0 = Debug|Any CPU
		{263A423E-99B0-4038-A1C6-CB9BDFEE581C}.Debug|ARM.Deploy.0 = Debug|Any CPU
		{263A423E-99B0-4038-A1C6-CB9BDFEE581C}.Debug|iPhone.ActiveCfg = Debug|Any CPU
		{263A423E-99B0-4038-A1C6-CB9BDFEE581C}.Debug|iPhone.Build.0 = Debug|Any CPU
		{263A423E-99B0-4038-A1C6-CB9BDFEE581C}.Debug|iPhone.Deploy.0 = Debug|Any CPU
		{263A423E-99B0-4038-A1C6-CB9BDFEE581C}.Debug|iPhoneSimulator.ActiveCfg = Debug|Any CPU
		{263A423E-99B0-4038-A1C6-CB9BDFEE581C}.Debug|iPhoneSimulator.Build.0 = Debug|Any CPU
		{263A423E-99B0-4038-A1C6-CB9BDFEE581C}.Debug|iPhoneSimulator.Deploy.0 = Debug|Any CPU
		{263A423E-99B0-4038-A1C6-CB9BDFEE581C}.Debug|x64.ActiveCfg = Debug|Any CPU
		{263A423E-99B0-4038-A1C6-CB9BDFEE581C}.Debug|x64.Build.0 = Debug|Any CPU
		{263A423E-99B0-4038-A1C6-CB9BDFEE581C}.Debug|x64.Deploy.0 = Debug|Any CPU
		{263A423E-99B0-4038-A1C6-CB9BDFEE581C}.Debug|x86.ActiveCfg = Debug|Any CPU
		{263A423E-99B0-4038-A1C6-CB9BDFEE581C}.Debug|x86.Build.0 = Debug|Any CPU
		{263A423E-99B0-4038-A1C6-CB9BDFEE581C}.Debug|x86.Deploy.0 = Debug|Any CPU
		{263A423E-99B0-4038-A1C6-CB9BDFEE581C}.Release|Any CPU.ActiveCfg = Release|Any CPU
		{263A423E-99B0-4038-A1C6-CB9BDFEE581C}.Release|Any CPU.Build.0 = Release|Any CPU
		{263A423E-99B0-4038-A1C6-CB9BDFEE581C}.Release|Any CPU.Deploy.0 = Release|Any CPU
		{263A423E-99B0-4038-A1C6-CB9BDFEE581C}.Release|ARM.ActiveCfg = Release|Any CPU
		{263A423E-99B0-4038-A1C6-CB9BDFEE581C}.Release|ARM.Build.0 = Release|Any CPU
		{263A423E-99B0-4038-A1C6-CB9BDFEE581C}.Release|ARM.Deploy.0 = Release|Any CPU
		{263A423E-99B0-4038-A1C6-CB9BDFEE581C}.Release|iPhone.ActiveCfg = Release|Any CPU
		{263A423E-99B0-4038-A1C6-CB9BDFEE581C}.Release|iPhone.Build.0 = Release|Any CPU
		{263A423E-99B0-4038-A1C6-CB9BDFEE581C}.Release|iPhone.Deploy.0 = Release|Any CPU
		{263A423E-99B0-4038-A1C6-CB9BDFEE581C}.Release|iPhoneSimulator.ActiveCfg = Release|Any CPU
		{263A423E-99B0-4038-A1C6-CB9BDFEE581C}.Release|iPhoneSimulator.Build.0 = Release|Any CPU
		{263A423E-99B0-4038-A1C6-CB9BDFEE581C}.Release|iPhoneSimulator.Deploy.0 = Release|Any CPU
		{263A423E-99B0-4038-A1C6-CB9BDFEE581C}.Release|x64.ActiveCfg = Release|Any CPU
		{263A423E-99B0-4038-A1C6-CB9BDFEE581C}.Release|x64.Build.0 = Release|Any CPU
		{263A423E-99B0-4038-A1C6-CB9BDFEE581C}.Release|x64.Deploy.0 = Release|Any CPU
		{263A423E-99B0-4038-A1C6-CB9BDFEE581C}.Release|x86.ActiveCfg = Release|Any CPU
		{263A423E-99B0-4038-A1C6-CB9BDFEE581C}.Release|x86.Build.0 = Release|Any CPU
		{263A423E-99B0-4038-A1C6-CB9BDFEE581C}.Release|x86.Deploy.0 = Release|Any CPU
		{127B2C8C-7353-41E3-8088-D1F268E3EFAF}.Ad-Hoc|Any CPU.ActiveCfg = Ad-Hoc|iPhone
		{127B2C8C-7353-41E3-8088-D1F268E3EFAF}.Ad-Hoc|ARM.ActiveCfg = Ad-Hoc|iPhone
		{127B2C8C-7353-41E3-8088-D1F268E3EFAF}.Ad-Hoc|iPhone.ActiveCfg = Ad-Hoc|iPhone
		{127B2C8C-7353-41E3-8088-D1F268E3EFAF}.Ad-Hoc|iPhone.Build.0 = Ad-Hoc|iPhone
		{127B2C8C-7353-41E3-8088-D1F268E3EFAF}.Ad-Hoc|iPhoneSimulator.ActiveCfg = Ad-Hoc|iPhoneSimulator
		{127B2C8C-7353-41E3-8088-D1F268E3EFAF}.Ad-Hoc|iPhoneSimulator.Build.0 = Ad-Hoc|iPhoneSimulator
		{127B2C8C-7353-41E3-8088-D1F268E3EFAF}.Ad-Hoc|x64.ActiveCfg = Ad-Hoc|iPhone
		{127B2C8C-7353-41E3-8088-D1F268E3EFAF}.Ad-Hoc|x86.ActiveCfg = Ad-Hoc|iPhone
		{127B2C8C-7353-41E3-8088-D1F268E3EFAF}.AppStore|Any CPU.ActiveCfg = AppStore|iPhone
		{127B2C8C-7353-41E3-8088-D1F268E3EFAF}.AppStore|ARM.ActiveCfg = AppStore|iPhone
		{127B2C8C-7353-41E3-8088-D1F268E3EFAF}.AppStore|iPhone.ActiveCfg = AppStore|iPhone
		{127B2C8C-7353-41E3-8088-D1F268E3EFAF}.AppStore|iPhone.Build.0 = AppStore|iPhone
		{127B2C8C-7353-41E3-8088-D1F268E3EFAF}.AppStore|iPhoneSimulator.ActiveCfg = AppStore|iPhoneSimulator
		{127B2C8C-7353-41E3-8088-D1F268E3EFAF}.AppStore|iPhoneSimulator.Build.0 = AppStore|iPhoneSimulator
		{127B2C8C-7353-41E3-8088-D1F268E3EFAF}.AppStore|x64.ActiveCfg = AppStore|iPhone
		{127B2C8C-7353-41E3-8088-D1F268E3EFAF}.AppStore|x86.ActiveCfg = AppStore|iPhone
		{127B2C8C-7353-41E3-8088-D1F268E3EFAF}.Debug|Any CPU.ActiveCfg = Debug|iPhone
		{127B2C8C-7353-41E3-8088-D1F268E3EFAF}.Debug|ARM.ActiveCfg = Debug|iPhone
		{127B2C8C-7353-41E3-8088-D1F268E3EFAF}.Debug|iPhone.ActiveCfg = Debug|iPhone
		{127B2C8C-7353-41E3-8088-D1F268E3EFAF}.Debug|iPhone.Build.0 = Debug|iPhone
		{127B2C8C-7353-41E3-8088-D1F268E3EFAF}.Debug|iPhoneSimulator.ActiveCfg = Debug|iPhoneSimulator
		{127B2C8C-7353-41E3-8088-D1F268E3EFAF}.Debug|iPhoneSimulator.Build.0 = Debug|iPhoneSimulator
		{127B2C8C-7353-41E3-8088-D1F268E3EFAF}.Debug|x64.ActiveCfg = Debug|iPhone
		{127B2C8C-7353-41E3-8088-D1F268E3EFAF}.Debug|x86.ActiveCfg = Debug|iPhone
		{127B2C8C-7353-41E3-8088-D1F268E3EFAF}.Release|Any CPU.ActiveCfg = Release|iPhone
		{127B2C8C-7353-41E3-8088-D1F268E3EFAF}.Release|ARM.ActiveCfg = Release|iPhone
		{127B2C8C-7353-41E3-8088-D1F268E3EFAF}.Release|iPhone.ActiveCfg = Release|iPhone
		{127B2C8C-7353-41E3-8088-D1F268E3EFAF}.Release|iPhone.Build.0 = Release|iPhone
		{127B2C8C-7353-41E3-8088-D1F268E3EFAF}.Release|iPhoneSimulator.ActiveCfg = Release|iPhoneSimulator
		{127B2C8C-7353-41E3-8088-D1F268E3EFAF}.Release|iPhoneSimulator.Build.0 = Release|iPhoneSimulator
		{127B2C8C-7353-41E3-8088-D1F268E3EFAF}.Release|x64.ActiveCfg = Release|iPhone
		{127B2C8C-7353-41E3-8088-D1F268E3EFAF}.Release|x86.ActiveCfg = Release|iPhone
		{A3F4B54F-7F1B-4A21-B856-4EE7D9C6D191}.Ad-Hoc|Any CPU.ActiveCfg = Release|x86
		{A3F4B54F-7F1B-4A21-B856-4EE7D9C6D191}.Ad-Hoc|Any CPU.Build.0 = Release|x86
		{A3F4B54F-7F1B-4A21-B856-4EE7D9C6D191}.Ad-Hoc|Any CPU.Deploy.0 = Release|x86
		{A3F4B54F-7F1B-4A21-B856-4EE7D9C6D191}.Ad-Hoc|ARM.ActiveCfg = Release|ARM
		{A3F4B54F-7F1B-4A21-B856-4EE7D9C6D191}.Ad-Hoc|ARM.Build.0 = Release|ARM
		{A3F4B54F-7F1B-4A21-B856-4EE7D9C6D191}.Ad-Hoc|ARM.Deploy.0 = Release|ARM
		{A3F4B54F-7F1B-4A21-B856-4EE7D9C6D191}.Ad-Hoc|iPhone.ActiveCfg = Release|x86
		{A3F4B54F-7F1B-4A21-B856-4EE7D9C6D191}.Ad-Hoc|iPhone.Build.0 = Release|x86
		{A3F4B54F-7F1B-4A21-B856-4EE7D9C6D191}.Ad-Hoc|iPhone.Deploy.0 = Release|x86
		{A3F4B54F-7F1B-4A21-B856-4EE7D9C6D191}.Ad-Hoc|iPhoneSimulator.ActiveCfg = Release|x86
		{A3F4B54F-7F1B-4A21-B856-4EE7D9C6D191}.Ad-Hoc|iPhoneSimulator.Build.0 = Release|x86
		{A3F4B54F-7F1B-4A21-B856-4EE7D9C6D191}.Ad-Hoc|iPhoneSimulator.Deploy.0 = Release|x86
		{A3F4B54F-7F1B-4A21-B856-4EE7D9C6D191}.Ad-Hoc|x64.ActiveCfg = Release|x64
		{A3F4B54F-7F1B-4A21-B856-4EE7D9C6D191}.Ad-Hoc|x64.Build.0 = Release|x64
		{A3F4B54F-7F1B-4A21-B856-4EE7D9C6D191}.Ad-Hoc|x64.Deploy.0 = Release|x64
		{A3F4B54F-7F1B-4A21-B856-4EE7D9C6D191}.Ad-Hoc|x86.ActiveCfg = Release|x86
		{A3F4B54F-7F1B-4A21-B856-4EE7D9C6D191}.Ad-Hoc|x86.Build.0 = Release|x86
		{A3F4B54F-7F1B-4A21-B856-4EE7D9C6D191}.Ad-Hoc|x86.Deploy.0 = Release|x86
		{A3F4B54F-7F1B-4A21-B856-4EE7D9C6D191}.AppStore|Any CPU.ActiveCfg = Release|x86
		{A3F4B54F-7F1B-4A21-B856-4EE7D9C6D191}.AppStore|Any CPU.Build.0 = Release|x86
		{A3F4B54F-7F1B-4A21-B856-4EE7D9C6D191}.AppStore|Any CPU.Deploy.0 = Release|x86
		{A3F4B54F-7F1B-4A21-B856-4EE7D9C6D191}.AppStore|ARM.ActiveCfg = Release|ARM
		{A3F4B54F-7F1B-4A21-B856-4EE7D9C6D191}.AppStore|ARM.Build.0 = Release|ARM
		{A3F4B54F-7F1B-4A21-B856-4EE7D9C6D191}.AppStore|ARM.Deploy.0 = Release|ARM
		{A3F4B54F-7F1B-4A21-B856-4EE7D9C6D191}.AppStore|iPhone.ActiveCfg = Release|x86
		{A3F4B54F-7F1B-4A21-B856-4EE7D9C6D191}.AppStore|iPhone.Build.0 = Release|x86
		{A3F4B54F-7F1B-4A21-B856-4EE7D9C6D191}.AppStore|iPhone.Deploy.0 = Release|x86
		{A3F4B54F-7F1B-4A21-B856-4EE7D9C6D191}.AppStore|iPhoneSimulator.ActiveCfg = Release|x86
		{A3F4B54F-7F1B-4A21-B856-4EE7D9C6D191}.AppStore|iPhoneSimulator.Build.0 = Release|x86
		{A3F4B54F-7F1B-4A21-B856-4EE7D9C6D191}.AppStore|iPhoneSimulator.Deploy.0 = Release|x86
		{A3F4B54F-7F1B-4A21-B856-4EE7D9C6D191}.AppStore|x64.ActiveCfg = Release|x64
		{A3F4B54F-7F1B-4A21-B856-4EE7D9C6D191}.AppStore|x64.Build.0 = Release|x64
		{A3F4B54F-7F1B-4A21-B856-4EE7D9C6D191}.AppStore|x64.Deploy.0 = Release|x64
		{A3F4B54F-7F1B-4A21-B856-4EE7D9C6D191}.AppStore|x86.ActiveCfg = Release|x86
		{A3F4B54F-7F1B-4A21-B856-4EE7D9C6D191}.AppStore|x86.Build.0 = Release|x86
		{A3F4B54F-7F1B-4A21-B856-4EE7D9C6D191}.AppStore|x86.Deploy.0 = Release|x86
		{A3F4B54F-7F1B-4A21-B856-4EE7D9C6D191}.Debug|Any CPU.ActiveCfg = Debug|x86
		{A3F4B54F-7F1B-4A21-B856-4EE7D9C6D191}.Debug|ARM.ActiveCfg = Debug|ARM
		{A3F4B54F-7F1B-4A21-B856-4EE7D9C6D191}.Debug|ARM.Build.0 = Debug|ARM
		{A3F4B54F-7F1B-4A21-B856-4EE7D9C6D191}.Debug|ARM.Deploy.0 = Debug|ARM
		{A3F4B54F-7F1B-4A21-B856-4EE7D9C6D191}.Debug|iPhone.ActiveCfg = Debug|x86
		{A3F4B54F-7F1B-4A21-B856-4EE7D9C6D191}.Debug|iPhoneSimulator.ActiveCfg = Debug|x86
		{A3F4B54F-7F1B-4A21-B856-4EE7D9C6D191}.Debug|x64.ActiveCfg = Debug|x64
		{A3F4B54F-7F1B-4A21-B856-4EE7D9C6D191}.Debug|x64.Build.0 = Debug|x64
		{A3F4B54F-7F1B-4A21-B856-4EE7D9C6D191}.Debug|x64.Deploy.0 = Debug|x64
		{A3F4B54F-7F1B-4A21-B856-4EE7D9C6D191}.Debug|x86.ActiveCfg = Debug|x86
		{A3F4B54F-7F1B-4A21-B856-4EE7D9C6D191}.Debug|x86.Build.0 = Debug|x86
		{A3F4B54F-7F1B-4A21-B856-4EE7D9C6D191}.Debug|x86.Deploy.0 = Debug|x86
		{A3F4B54F-7F1B-4A21-B856-4EE7D9C6D191}.Release|Any CPU.ActiveCfg = Release|x86
		{A3F4B54F-7F1B-4A21-B856-4EE7D9C6D191}.Release|ARM.ActiveCfg = Release|ARM
		{A3F4B54F-7F1B-4A21-B856-4EE7D9C6D191}.Release|ARM.Build.0 = Release|ARM
		{A3F4B54F-7F1B-4A21-B856-4EE7D9C6D191}.Release|ARM.Deploy.0 = Release|ARM
		{A3F4B54F-7F1B-4A21-B856-4EE7D9C6D191}.Release|iPhone.ActiveCfg = Release|x86
		{A3F4B54F-7F1B-4A21-B856-4EE7D9C6D191}.Release|iPhoneSimulator.ActiveCfg = Release|x86
		{A3F4B54F-7F1B-4A21-B856-4EE7D9C6D191}.Release|x64.ActiveCfg = Release|x64
		{A3F4B54F-7F1B-4A21-B856-4EE7D9C6D191}.Release|x64.Build.0 = Release|x64
		{A3F4B54F-7F1B-4A21-B856-4EE7D9C6D191}.Release|x64.Deploy.0 = Release|x64
		{A3F4B54F-7F1B-4A21-B856-4EE7D9C6D191}.Release|x86.ActiveCfg = Release|x86
		{A3F4B54F-7F1B-4A21-B856-4EE7D9C6D191}.Release|x86.Build.0 = Release|x86
		{A3F4B54F-7F1B-4A21-B856-4EE7D9C6D191}.Release|x86.Deploy.0 = Release|x86
		{AF7C05F8-7466-4608-9E58-5DA33D36432E}.Ad-Hoc|Any CPU.ActiveCfg = Debug|Any CPU
		{AF7C05F8-7466-4608-9E58-5DA33D36432E}.Ad-Hoc|Any CPU.Build.0 = Debug|Any CPU
		{AF7C05F8-7466-4608-9E58-5DA33D36432E}.Ad-Hoc|ARM.ActiveCfg = Debug|Any CPU
		{AF7C05F8-7466-4608-9E58-5DA33D36432E}.Ad-Hoc|ARM.Build.0 = Debug|Any CPU
		{AF7C05F8-7466-4608-9E58-5DA33D36432E}.Ad-Hoc|iPhone.ActiveCfg = Debug|Any CPU
		{AF7C05F8-7466-4608-9E58-5DA33D36432E}.Ad-Hoc|iPhone.Build.0 = Debug|Any CPU
		{AF7C05F8-7466-4608-9E58-5DA33D36432E}.Ad-Hoc|iPhoneSimulator.ActiveCfg = Debug|Any CPU
		{AF7C05F8-7466-4608-9E58-5DA33D36432E}.Ad-Hoc|iPhoneSimulator.Build.0 = Debug|Any CPU
		{AF7C05F8-7466-4608-9E58-5DA33D36432E}.Ad-Hoc|x64.ActiveCfg = Debug|Any CPU
		{AF7C05F8-7466-4608-9E58-5DA33D36432E}.Ad-Hoc|x64.Build.0 = Debug|Any CPU
		{AF7C05F8-7466-4608-9E58-5DA33D36432E}.Ad-Hoc|x86.ActiveCfg = Debug|Any CPU
		{AF7C05F8-7466-4608-9E58-5DA33D36432E}.Ad-Hoc|x86.Build.0 = Debug|Any CPU
		{AF7C05F8-7466-4608-9E58-5DA33D36432E}.AppStore|Any CPU.ActiveCfg = Debug|Any CPU
		{AF7C05F8-7466-4608-9E58-5DA33D36432E}.AppStore|Any CPU.Build.0 = Debug|Any CPU
		{AF7C05F8-7466-4608-9E58-5DA33D36432E}.AppStore|ARM.ActiveCfg = Debug|Any CPU
		{AF7C05F8-7466-4608-9E58-5DA33D36432E}.AppStore|ARM.Build.0 = Debug|Any CPU
		{AF7C05F8-7466-4608-9E58-5DA33D36432E}.AppStore|iPhone.ActiveCfg = Debug|Any CPU
		{AF7C05F8-7466-4608-9E58-5DA33D36432E}.AppStore|iPhone.Build.0 = Debug|Any CPU
		{AF7C05F8-7466-4608-9E58-5DA33D36432E}.AppStore|iPhoneSimulator.ActiveCfg = Debug|Any CPU
		{AF7C05F8-7466-4608-9E58-5DA33D36432E}.AppStore|iPhoneSimulator.Build.0 = Debug|Any CPU
		{AF7C05F8-7466-4608-9E58-5DA33D36432E}.AppStore|x64.ActiveCfg = Debug|Any CPU
		{AF7C05F8-7466-4608-9E58-5DA33D36432E}.AppStore|x64.Build.0 = Debug|Any CPU
		{AF7C05F8-7466-4608-9E58-5DA33D36432E}.AppStore|x86.ActiveCfg = Debug|Any CPU
		{AF7C05F8-7466-4608-9E58-5DA33D36432E}.AppStore|x86.Build.0 = Debug|Any CPU
		{AF7C05F8-7466-4608-9E58-5DA33D36432E}.Debug|Any CPU.ActiveCfg = Debug|Any CPU
		{AF7C05F8-7466-4608-9E58-5DA33D36432E}.Debug|Any CPU.Build.0 = Debug|Any CPU
		{AF7C05F8-7466-4608-9E58-5DA33D36432E}.Debug|ARM.ActiveCfg = Debug|Any CPU
		{AF7C05F8-7466-4608-9E58-5DA33D36432E}.Debug|ARM.Build.0 = Debug|Any CPU
		{AF7C05F8-7466-4608-9E58-5DA33D36432E}.Debug|iPhone.ActiveCfg = Debug|Any CPU
		{AF7C05F8-7466-4608-9E58-5DA33D36432E}.Debug|iPhone.Build.0 = Debug|Any CPU
		{AF7C05F8-7466-4608-9E58-5DA33D36432E}.Debug|iPhoneSimulator.ActiveCfg = Debug|Any CPU
		{AF7C05F8-7466-4608-9E58-5DA33D36432E}.Debug|iPhoneSimulator.Build.0 = Debug|Any CPU
		{AF7C05F8-7466-4608-9E58-5DA33D36432E}.Debug|x64.ActiveCfg = Debug|Any CPU
		{AF7C05F8-7466-4608-9E58-5DA33D36432E}.Debug|x64.Build.0 = Debug|Any CPU
		{AF7C05F8-7466-4608-9E58-5DA33D36432E}.Debug|x86.ActiveCfg = Debug|Any CPU
		{AF7C05F8-7466-4608-9E58-5DA33D36432E}.Debug|x86.Build.0 = Debug|Any CPU
		{AF7C05F8-7466-4608-9E58-5DA33D36432E}.Release|Any CPU.ActiveCfg = Release|Any CPU
		{AF7C05F8-7466-4608-9E58-5DA33D36432E}.Release|Any CPU.Build.0 = Release|Any CPU
		{AF7C05F8-7466-4608-9E58-5DA33D36432E}.Release|ARM.ActiveCfg = Release|Any CPU
		{AF7C05F8-7466-4608-9E58-5DA33D36432E}.Release|ARM.Build.0 = Release|Any CPU
		{AF7C05F8-7466-4608-9E58-5DA33D36432E}.Release|iPhone.ActiveCfg = Release|Any CPU
		{AF7C05F8-7466-4608-9E58-5DA33D36432E}.Release|iPhone.Build.0 = Release|Any CPU
		{AF7C05F8-7466-4608-9E58-5DA33D36432E}.Release|iPhoneSimulator.ActiveCfg = Release|Any CPU
		{AF7C05F8-7466-4608-9E58-5DA33D36432E}.Release|iPhoneSimulator.Build.0 = Release|Any CPU
		{AF7C05F8-7466-4608-9E58-5DA33D36432E}.Release|x64.ActiveCfg = Release|Any CPU
		{AF7C05F8-7466-4608-9E58-5DA33D36432E}.Release|x64.Build.0 = Release|Any CPU
		{AF7C05F8-7466-4608-9E58-5DA33D36432E}.Release|x86.ActiveCfg = Release|Any CPU
		{AF7C05F8-7466-4608-9E58-5DA33D36432E}.Release|x86.Build.0 = Release|Any CPU
		{8DB0A0EF-1306-48A8-A4F0-7AA49B1B79B5}.Ad-Hoc|Any CPU.ActiveCfg = Release|Any CPU
		{8DB0A0EF-1306-48A8-A4F0-7AA49B1B79B5}.Ad-Hoc|Any CPU.Build.0 = Release|Any CPU
		{8DB0A0EF-1306-48A8-A4F0-7AA49B1B79B5}.Ad-Hoc|Any CPU.Deploy.0 = Release|Any CPU
		{8DB0A0EF-1306-48A8-A4F0-7AA49B1B79B5}.Ad-Hoc|ARM.ActiveCfg = Release|Any CPU
		{8DB0A0EF-1306-48A8-A4F0-7AA49B1B79B5}.Ad-Hoc|ARM.Build.0 = Release|Any CPU
		{8DB0A0EF-1306-48A8-A4F0-7AA49B1B79B5}.Ad-Hoc|ARM.Deploy.0 = Release|Any CPU
		{8DB0A0EF-1306-48A8-A4F0-7AA49B1B79B5}.Ad-Hoc|iPhone.ActiveCfg = Release|Any CPU
		{8DB0A0EF-1306-48A8-A4F0-7AA49B1B79B5}.Ad-Hoc|iPhone.Build.0 = Release|Any CPU
		{8DB0A0EF-1306-48A8-A4F0-7AA49B1B79B5}.Ad-Hoc|iPhone.Deploy.0 = Release|Any CPU
		{8DB0A0EF-1306-48A8-A4F0-7AA49B1B79B5}.Ad-Hoc|iPhoneSimulator.ActiveCfg = Release|Any CPU
		{8DB0A0EF-1306-48A8-A4F0-7AA49B1B79B5}.Ad-Hoc|iPhoneSimulator.Build.0 = Release|Any CPU
		{8DB0A0EF-1306-48A8-A4F0-7AA49B1B79B5}.Ad-Hoc|iPhoneSimulator.Deploy.0 = Release|Any CPU
		{8DB0A0EF-1306-48A8-A4F0-7AA49B1B79B5}.Ad-Hoc|x64.ActiveCfg = Release|Any CPU
		{8DB0A0EF-1306-48A8-A4F0-7AA49B1B79B5}.Ad-Hoc|x64.Build.0 = Release|Any CPU
		{8DB0A0EF-1306-48A8-A4F0-7AA49B1B79B5}.Ad-Hoc|x64.Deploy.0 = Release|Any CPU
		{8DB0A0EF-1306-48A8-A4F0-7AA49B1B79B5}.Ad-Hoc|x86.ActiveCfg = Release|Any CPU
		{8DB0A0EF-1306-48A8-A4F0-7AA49B1B79B5}.Ad-Hoc|x86.Build.0 = Release|Any CPU
		{8DB0A0EF-1306-48A8-A4F0-7AA49B1B79B5}.Ad-Hoc|x86.Deploy.0 = Release|Any CPU
		{8DB0A0EF-1306-48A8-A4F0-7AA49B1B79B5}.AppStore|Any CPU.ActiveCfg = Release|Any CPU
		{8DB0A0EF-1306-48A8-A4F0-7AA49B1B79B5}.AppStore|Any CPU.Build.0 = Release|Any CPU
		{8DB0A0EF-1306-48A8-A4F0-7AA49B1B79B5}.AppStore|Any CPU.Deploy.0 = Release|Any CPU
		{8DB0A0EF-1306-48A8-A4F0-7AA49B1B79B5}.AppStore|ARM.ActiveCfg = Release|Any CPU
		{8DB0A0EF-1306-48A8-A4F0-7AA49B1B79B5}.AppStore|ARM.Build.0 = Release|Any CPU
		{8DB0A0EF-1306-48A8-A4F0-7AA49B1B79B5}.AppStore|ARM.Deploy.0 = Release|Any CPU
		{8DB0A0EF-1306-48A8-A4F0-7AA49B1B79B5}.AppStore|iPhone.ActiveCfg = Release|Any CPU
		{8DB0A0EF-1306-48A8-A4F0-7AA49B1B79B5}.AppStore|iPhone.Build.0 = Release|Any CPU
		{8DB0A0EF-1306-48A8-A4F0-7AA49B1B79B5}.AppStore|iPhone.Deploy.0 = Release|Any CPU
		{8DB0A0EF-1306-48A8-A4F0-7AA49B1B79B5}.AppStore|iPhoneSimulator.ActiveCfg = Release|Any CPU
		{8DB0A0EF-1306-48A8-A4F0-7AA49B1B79B5}.AppStore|iPhoneSimulator.Build.0 = Release|Any CPU
		{8DB0A0EF-1306-48A8-A4F0-7AA49B1B79B5}.AppStore|iPhoneSimulator.Deploy.0 = Release|Any CPU
		{8DB0A0EF-1306-48A8-A4F0-7AA49B1B79B5}.AppStore|x64.ActiveCfg = Release|Any CPU
		{8DB0A0EF-1306-48A8-A4F0-7AA49B1B79B5}.AppStore|x64.Build.0 = Release|Any CPU
		{8DB0A0EF-1306-48A8-A4F0-7AA49B1B79B5}.AppStore|x64.Deploy.0 = Release|Any CPU
		{8DB0A0EF-1306-48A8-A4F0-7AA49B1B79B5}.AppStore|x86.ActiveCfg = Release|Any CPU
		{8DB0A0EF-1306-48A8-A4F0-7AA49B1B79B5}.AppStore|x86.Build.0 = Release|Any CPU
		{8DB0A0EF-1306-48A8-A4F0-7AA49B1B79B5}.AppStore|x86.Deploy.0 = Release|Any CPU
		{8DB0A0EF-1306-48A8-A4F0-7AA49B1B79B5}.Debug|Any CPU.ActiveCfg = Debug|Any CPU
		{8DB0A0EF-1306-48A8-A4F0-7AA49B1B79B5}.Debug|Any CPU.Build.0 = Debug|Any CPU
		{8DB0A0EF-1306-48A8-A4F0-7AA49B1B79B5}.Debug|Any CPU.Deploy.0 = Debug|Any CPU
		{8DB0A0EF-1306-48A8-A4F0-7AA49B1B79B5}.Debug|ARM.ActiveCfg = Debug|Any CPU
		{8DB0A0EF-1306-48A8-A4F0-7AA49B1B79B5}.Debug|ARM.Build.0 = Debug|Any CPU
		{8DB0A0EF-1306-48A8-A4F0-7AA49B1B79B5}.Debug|ARM.Deploy.0 = Debug|Any CPU
		{8DB0A0EF-1306-48A8-A4F0-7AA49B1B79B5}.Debug|iPhone.ActiveCfg = Debug|Any CPU
		{8DB0A0EF-1306-48A8-A4F0-7AA49B1B79B5}.Debug|iPhone.Build.0 = Debug|Any CPU
		{8DB0A0EF-1306-48A8-A4F0-7AA49B1B79B5}.Debug|iPhone.Deploy.0 = Debug|Any CPU
		{8DB0A0EF-1306-48A8-A4F0-7AA49B1B79B5}.Debug|iPhoneSimulator.ActiveCfg = Debug|Any CPU
		{8DB0A0EF-1306-48A8-A4F0-7AA49B1B79B5}.Debug|iPhoneSimulator.Build.0 = Debug|Any CPU
		{8DB0A0EF-1306-48A8-A4F0-7AA49B1B79B5}.Debug|iPhoneSimulator.Deploy.0 = Debug|Any CPU
		{8DB0A0EF-1306-48A8-A4F0-7AA49B1B79B5}.Debug|x64.ActiveCfg = Debug|Any CPU
		{8DB0A0EF-1306-48A8-A4F0-7AA49B1B79B5}.Debug|x64.Build.0 = Debug|Any CPU
		{8DB0A0EF-1306-48A8-A4F0-7AA49B1B79B5}.Debug|x64.Deploy.0 = Debug|Any CPU
		{8DB0A0EF-1306-48A8-A4F0-7AA49B1B79B5}.Debug|x86.ActiveCfg = Debug|Any CPU
		{8DB0A0EF-1306-48A8-A4F0-7AA49B1B79B5}.Debug|x86.Build.0 = Debug|Any CPU
		{8DB0A0EF-1306-48A8-A4F0-7AA49B1B79B5}.Debug|x86.Deploy.0 = Debug|Any CPU
		{8DB0A0EF-1306-48A8-A4F0-7AA49B1B79B5}.Release|Any CPU.ActiveCfg = Release|Any CPU
		{8DB0A0EF-1306-48A8-A4F0-7AA49B1B79B5}.Release|Any CPU.Build.0 = Release|Any CPU
		{8DB0A0EF-1306-48A8-A4F0-7AA49B1B79B5}.Release|Any CPU.Deploy.0 = Release|Any CPU
		{8DB0A0EF-1306-48A8-A4F0-7AA49B1B79B5}.Release|ARM.ActiveCfg = Release|Any CPU
		{8DB0A0EF-1306-48A8-A4F0-7AA49B1B79B5}.Release|ARM.Build.0 = Release|Any CPU
		{8DB0A0EF-1306-48A8-A4F0-7AA49B1B79B5}.Release|ARM.Deploy.0 = Release|Any CPU
		{8DB0A0EF-1306-48A8-A4F0-7AA49B1B79B5}.Release|iPhone.ActiveCfg = Release|Any CPU
		{8DB0A0EF-1306-48A8-A4F0-7AA49B1B79B5}.Release|iPhone.Build.0 = Release|Any CPU
		{8DB0A0EF-1306-48A8-A4F0-7AA49B1B79B5}.Release|iPhone.Deploy.0 = Release|Any CPU
		{8DB0A0EF-1306-48A8-A4F0-7AA49B1B79B5}.Release|iPhoneSimulator.ActiveCfg = Release|Any CPU
		{8DB0A0EF-1306-48A8-A4F0-7AA49B1B79B5}.Release|iPhoneSimulator.Build.0 = Release|Any CPU
		{8DB0A0EF-1306-48A8-A4F0-7AA49B1B79B5}.Release|iPhoneSimulator.Deploy.0 = Release|Any CPU
		{8DB0A0EF-1306-48A8-A4F0-7AA49B1B79B5}.Release|x64.ActiveCfg = Release|Any CPU
		{8DB0A0EF-1306-48A8-A4F0-7AA49B1B79B5}.Release|x64.Build.0 = Release|Any CPU
		{8DB0A0EF-1306-48A8-A4F0-7AA49B1B79B5}.Release|x64.Deploy.0 = Release|Any CPU
		{8DB0A0EF-1306-48A8-A4F0-7AA49B1B79B5}.Release|x86.ActiveCfg = Release|Any CPU
		{8DB0A0EF-1306-48A8-A4F0-7AA49B1B79B5}.Release|x86.Build.0 = Release|Any CPU
		{8DB0A0EF-1306-48A8-A4F0-7AA49B1B79B5}.Release|x86.Deploy.0 = Release|Any CPU
		{CD2DD15E-A3CE-4266-BE7B-DC7791CE62A6}.Ad-Hoc|Any CPU.ActiveCfg = Ad-Hoc|iPhone
		{CD2DD15E-A3CE-4266-BE7B-DC7791CE62A6}.Ad-Hoc|ARM.ActiveCfg = Ad-Hoc|iPhone
		{CD2DD15E-A3CE-4266-BE7B-DC7791CE62A6}.Ad-Hoc|iPhone.ActiveCfg = Ad-Hoc|iPhone
		{CD2DD15E-A3CE-4266-BE7B-DC7791CE62A6}.Ad-Hoc|iPhone.Build.0 = Ad-Hoc|iPhone
		{CD2DD15E-A3CE-4266-BE7B-DC7791CE62A6}.Ad-Hoc|iPhoneSimulator.ActiveCfg = Ad-Hoc|iPhoneSimulator
		{CD2DD15E-A3CE-4266-BE7B-DC7791CE62A6}.Ad-Hoc|iPhoneSimulator.Build.0 = Ad-Hoc|iPhoneSimulator
		{CD2DD15E-A3CE-4266-BE7B-DC7791CE62A6}.Ad-Hoc|x64.ActiveCfg = Ad-Hoc|iPhone
		{CD2DD15E-A3CE-4266-BE7B-DC7791CE62A6}.Ad-Hoc|x86.ActiveCfg = Ad-Hoc|iPhone
		{CD2DD15E-A3CE-4266-BE7B-DC7791CE62A6}.AppStore|Any CPU.ActiveCfg = AppStore|iPhone
		{CD2DD15E-A3CE-4266-BE7B-DC7791CE62A6}.AppStore|ARM.ActiveCfg = AppStore|iPhone
		{CD2DD15E-A3CE-4266-BE7B-DC7791CE62A6}.AppStore|iPhone.ActiveCfg = AppStore|iPhone
		{CD2DD15E-A3CE-4266-BE7B-DC7791CE62A6}.AppStore|iPhone.Build.0 = AppStore|iPhone
		{CD2DD15E-A3CE-4266-BE7B-DC7791CE62A6}.AppStore|iPhoneSimulator.ActiveCfg = AppStore|iPhoneSimulator
		{CD2DD15E-A3CE-4266-BE7B-DC7791CE62A6}.AppStore|iPhoneSimulator.Build.0 = AppStore|iPhoneSimulator
		{CD2DD15E-A3CE-4266-BE7B-DC7791CE62A6}.AppStore|x64.ActiveCfg = AppStore|iPhone
		{CD2DD15E-A3CE-4266-BE7B-DC7791CE62A6}.AppStore|x86.ActiveCfg = AppStore|iPhone
		{CD2DD15E-A3CE-4266-BE7B-DC7791CE62A6}.Debug|Any CPU.ActiveCfg = Debug|iPhone
		{CD2DD15E-A3CE-4266-BE7B-DC7791CE62A6}.Debug|ARM.ActiveCfg = Debug|iPhone
		{CD2DD15E-A3CE-4266-BE7B-DC7791CE62A6}.Debug|iPhone.ActiveCfg = Debug|iPhone
		{CD2DD15E-A3CE-4266-BE7B-DC7791CE62A6}.Debug|iPhone.Build.0 = Debug|iPhone
		{CD2DD15E-A3CE-4266-BE7B-DC7791CE62A6}.Debug|iPhoneSimulator.ActiveCfg = Debug|iPhoneSimulator
		{CD2DD15E-A3CE-4266-BE7B-DC7791CE62A6}.Debug|iPhoneSimulator.Build.0 = Debug|iPhoneSimulator
		{CD2DD15E-A3CE-4266-BE7B-DC7791CE62A6}.Debug|x64.ActiveCfg = Debug|iPhone
		{CD2DD15E-A3CE-4266-BE7B-DC7791CE62A6}.Debug|x86.ActiveCfg = Debug|iPhone
		{CD2DD15E-A3CE-4266-BE7B-DC7791CE62A6}.Release|Any CPU.ActiveCfg = Release|iPhone
		{CD2DD15E-A3CE-4266-BE7B-DC7791CE62A6}.Release|ARM.ActiveCfg = Release|iPhone
		{CD2DD15E-A3CE-4266-BE7B-DC7791CE62A6}.Release|iPhone.ActiveCfg = Release|iPhone
		{CD2DD15E-A3CE-4266-BE7B-DC7791CE62A6}.Release|iPhone.Build.0 = Release|iPhone
		{CD2DD15E-A3CE-4266-BE7B-DC7791CE62A6}.Release|iPhoneSimulator.ActiveCfg = Release|iPhoneSimulator
		{CD2DD15E-A3CE-4266-BE7B-DC7791CE62A6}.Release|iPhoneSimulator.Build.0 = Release|iPhoneSimulator
		{CD2DD15E-A3CE-4266-BE7B-DC7791CE62A6}.Release|x64.ActiveCfg = Release|iPhone
		{CD2DD15E-A3CE-4266-BE7B-DC7791CE62A6}.Release|x86.ActiveCfg = Release|iPhone
		{66542192-6F89-4555-8476-EB9FCBE4DA42}.Ad-Hoc|Any CPU.ActiveCfg = Release|x86
		{66542192-6F89-4555-8476-EB9FCBE4DA42}.Ad-Hoc|Any CPU.Build.0 = Release|x86
		{66542192-6F89-4555-8476-EB9FCBE4DA42}.Ad-Hoc|Any CPU.Deploy.0 = Release|x86
		{66542192-6F89-4555-8476-EB9FCBE4DA42}.Ad-Hoc|ARM.ActiveCfg = Release|ARM
		{66542192-6F89-4555-8476-EB9FCBE4DA42}.Ad-Hoc|ARM.Build.0 = Release|ARM
		{66542192-6F89-4555-8476-EB9FCBE4DA42}.Ad-Hoc|ARM.Deploy.0 = Release|ARM
		{66542192-6F89-4555-8476-EB9FCBE4DA42}.Ad-Hoc|iPhone.ActiveCfg = Release|x86
		{66542192-6F89-4555-8476-EB9FCBE4DA42}.Ad-Hoc|iPhone.Build.0 = Release|x86
		{66542192-6F89-4555-8476-EB9FCBE4DA42}.Ad-Hoc|iPhone.Deploy.0 = Release|x86
		{66542192-6F89-4555-8476-EB9FCBE4DA42}.Ad-Hoc|iPhoneSimulator.ActiveCfg = Release|x86
		{66542192-6F89-4555-8476-EB9FCBE4DA42}.Ad-Hoc|iPhoneSimulator.Build.0 = Release|x86
		{66542192-6F89-4555-8476-EB9FCBE4DA42}.Ad-Hoc|iPhoneSimulator.Deploy.0 = Release|x86
		{66542192-6F89-4555-8476-EB9FCBE4DA42}.Ad-Hoc|x64.ActiveCfg = Release|x64
		{66542192-6F89-4555-8476-EB9FCBE4DA42}.Ad-Hoc|x64.Build.0 = Release|x64
		{66542192-6F89-4555-8476-EB9FCBE4DA42}.Ad-Hoc|x64.Deploy.0 = Release|x64
		{66542192-6F89-4555-8476-EB9FCBE4DA42}.Ad-Hoc|x86.ActiveCfg = Release|x86
		{66542192-6F89-4555-8476-EB9FCBE4DA42}.Ad-Hoc|x86.Build.0 = Release|x86
		{66542192-6F89-4555-8476-EB9FCBE4DA42}.Ad-Hoc|x86.Deploy.0 = Release|x86
		{66542192-6F89-4555-8476-EB9FCBE4DA42}.AppStore|Any CPU.ActiveCfg = Release|x86
		{66542192-6F89-4555-8476-EB9FCBE4DA42}.AppStore|Any CPU.Build.0 = Release|x86
		{66542192-6F89-4555-8476-EB9FCBE4DA42}.AppStore|Any CPU.Deploy.0 = Release|x86
		{66542192-6F89-4555-8476-EB9FCBE4DA42}.AppStore|ARM.ActiveCfg = Release|ARM
		{66542192-6F89-4555-8476-EB9FCBE4DA42}.AppStore|ARM.Build.0 = Release|ARM
		{66542192-6F89-4555-8476-EB9FCBE4DA42}.AppStore|ARM.Deploy.0 = Release|ARM
		{66542192-6F89-4555-8476-EB9FCBE4DA42}.AppStore|iPhone.ActiveCfg = Release|x86
		{66542192-6F89-4555-8476-EB9FCBE4DA42}.AppStore|iPhone.Build.0 = Release|x86
		{66542192-6F89-4555-8476-EB9FCBE4DA42}.AppStore|iPhone.Deploy.0 = Release|x86
		{66542192-6F89-4555-8476-EB9FCBE4DA42}.AppStore|iPhoneSimulator.ActiveCfg = Release|x86
		{66542192-6F89-4555-8476-EB9FCBE4DA42}.AppStore|iPhoneSimulator.Build.0 = Release|x86
		{66542192-6F89-4555-8476-EB9FCBE4DA42}.AppStore|iPhoneSimulator.Deploy.0 = Release|x86
		{66542192-6F89-4555-8476-EB9FCBE4DA42}.AppStore|x64.ActiveCfg = Release|x64
		{66542192-6F89-4555-8476-EB9FCBE4DA42}.AppStore|x64.Build.0 = Release|x64
		{66542192-6F89-4555-8476-EB9FCBE4DA42}.AppStore|x64.Deploy.0 = Release|x64
		{66542192-6F89-4555-8476-EB9FCBE4DA42}.AppStore|x86.ActiveCfg = Release|x86
		{66542192-6F89-4555-8476-EB9FCBE4DA42}.AppStore|x86.Build.0 = Release|x86
		{66542192-6F89-4555-8476-EB9FCBE4DA42}.AppStore|x86.Deploy.0 = Release|x86
		{66542192-6F89-4555-8476-EB9FCBE4DA42}.Debug|Any CPU.ActiveCfg = Debug|x86
		{66542192-6F89-4555-8476-EB9FCBE4DA42}.Debug|ARM.ActiveCfg = Debug|ARM
		{66542192-6F89-4555-8476-EB9FCBE4DA42}.Debug|ARM.Build.0 = Debug|ARM
		{66542192-6F89-4555-8476-EB9FCBE4DA42}.Debug|ARM.Deploy.0 = Debug|ARM
		{66542192-6F89-4555-8476-EB9FCBE4DA42}.Debug|iPhone.ActiveCfg = Debug|x86
		{66542192-6F89-4555-8476-EB9FCBE4DA42}.Debug|iPhoneSimulator.ActiveCfg = Debug|x86
		{66542192-6F89-4555-8476-EB9FCBE4DA42}.Debug|x64.ActiveCfg = Debug|x64
		{66542192-6F89-4555-8476-EB9FCBE4DA42}.Debug|x64.Build.0 = Debug|x64
		{66542192-6F89-4555-8476-EB9FCBE4DA42}.Debug|x64.Deploy.0 = Debug|x64
		{66542192-6F89-4555-8476-EB9FCBE4DA42}.Debug|x86.ActiveCfg = Debug|x86
		{66542192-6F89-4555-8476-EB9FCBE4DA42}.Debug|x86.Build.0 = Debug|x86
		{66542192-6F89-4555-8476-EB9FCBE4DA42}.Debug|x86.Deploy.0 = Debug|x86
		{66542192-6F89-4555-8476-EB9FCBE4DA42}.Release|Any CPU.ActiveCfg = Release|x86
		{66542192-6F89-4555-8476-EB9FCBE4DA42}.Release|ARM.ActiveCfg = Release|ARM
		{66542192-6F89-4555-8476-EB9FCBE4DA42}.Release|ARM.Build.0 = Release|ARM
		{66542192-6F89-4555-8476-EB9FCBE4DA42}.Release|ARM.Deploy.0 = Release|ARM
		{66542192-6F89-4555-8476-EB9FCBE4DA42}.Release|iPhone.ActiveCfg = Release|x86
		{66542192-6F89-4555-8476-EB9FCBE4DA42}.Release|iPhoneSimulator.ActiveCfg = Release|x86
		{66542192-6F89-4555-8476-EB9FCBE4DA42}.Release|x64.ActiveCfg = Release|x64
		{66542192-6F89-4555-8476-EB9FCBE4DA42}.Release|x64.Build.0 = Release|x64
		{66542192-6F89-4555-8476-EB9FCBE4DA42}.Release|x64.Deploy.0 = Release|x64
		{66542192-6F89-4555-8476-EB9FCBE4DA42}.Release|x86.ActiveCfg = Release|x86
		{66542192-6F89-4555-8476-EB9FCBE4DA42}.Release|x86.Build.0 = Release|x86
		{66542192-6F89-4555-8476-EB9FCBE4DA42}.Release|x86.Deploy.0 = Release|x86
		{91D4ABFB-13FB-4902-8E8B-2A5321E0DBAF}.Ad-Hoc|Any CPU.ActiveCfg = Debug|Any CPU
		{91D4ABFB-13FB-4902-8E8B-2A5321E0DBAF}.Ad-Hoc|Any CPU.Build.0 = Debug|Any CPU
		{91D4ABFB-13FB-4902-8E8B-2A5321E0DBAF}.Ad-Hoc|ARM.ActiveCfg = Debug|Any CPU
		{91D4ABFB-13FB-4902-8E8B-2A5321E0DBAF}.Ad-Hoc|ARM.Build.0 = Debug|Any CPU
		{91D4ABFB-13FB-4902-8E8B-2A5321E0DBAF}.Ad-Hoc|iPhone.ActiveCfg = Debug|Any CPU
		{91D4ABFB-13FB-4902-8E8B-2A5321E0DBAF}.Ad-Hoc|iPhone.Build.0 = Debug|Any CPU
		{91D4ABFB-13FB-4902-8E8B-2A5321E0DBAF}.Ad-Hoc|iPhoneSimulator.ActiveCfg = Debug|Any CPU
		{91D4ABFB-13FB-4902-8E8B-2A5321E0DBAF}.Ad-Hoc|iPhoneSimulator.Build.0 = Debug|Any CPU
		{91D4ABFB-13FB-4902-8E8B-2A5321E0DBAF}.Ad-Hoc|x64.ActiveCfg = Debug|Any CPU
		{91D4ABFB-13FB-4902-8E8B-2A5321E0DBAF}.Ad-Hoc|x64.Build.0 = Debug|Any CPU
		{91D4ABFB-13FB-4902-8E8B-2A5321E0DBAF}.Ad-Hoc|x86.ActiveCfg = Debug|Any CPU
		{91D4ABFB-13FB-4902-8E8B-2A5321E0DBAF}.Ad-Hoc|x86.Build.0 = Debug|Any CPU
		{91D4ABFB-13FB-4902-8E8B-2A5321E0DBAF}.AppStore|Any CPU.ActiveCfg = Debug|Any CPU
		{91D4ABFB-13FB-4902-8E8B-2A5321E0DBAF}.AppStore|Any CPU.Build.0 = Debug|Any CPU
		{91D4ABFB-13FB-4902-8E8B-2A5321E0DBAF}.AppStore|ARM.ActiveCfg = Debug|Any CPU
		{91D4ABFB-13FB-4902-8E8B-2A5321E0DBAF}.AppStore|ARM.Build.0 = Debug|Any CPU
		{91D4ABFB-13FB-4902-8E8B-2A5321E0DBAF}.AppStore|iPhone.ActiveCfg = Debug|Any CPU
		{91D4ABFB-13FB-4902-8E8B-2A5321E0DBAF}.AppStore|iPhone.Build.0 = Debug|Any CPU
		{91D4ABFB-13FB-4902-8E8B-2A5321E0DBAF}.AppStore|iPhoneSimulator.ActiveCfg = Debug|Any CPU
		{91D4ABFB-13FB-4902-8E8B-2A5321E0DBAF}.AppStore|iPhoneSimulator.Build.0 = Debug|Any CPU
		{91D4ABFB-13FB-4902-8E8B-2A5321E0DBAF}.AppStore|x64.ActiveCfg = Debug|Any CPU
		{91D4ABFB-13FB-4902-8E8B-2A5321E0DBAF}.AppStore|x64.Build.0 = Debug|Any CPU
		{91D4ABFB-13FB-4902-8E8B-2A5321E0DBAF}.AppStore|x86.ActiveCfg = Debug|Any CPU
		{91D4ABFB-13FB-4902-8E8B-2A5321E0DBAF}.AppStore|x86.Build.0 = Debug|Any CPU
		{91D4ABFB-13FB-4902-8E8B-2A5321E0DBAF}.Debug|Any CPU.ActiveCfg = Debug|Any CPU
		{91D4ABFB-13FB-4902-8E8B-2A5321E0DBAF}.Debug|Any CPU.Build.0 = Debug|Any CPU
		{91D4ABFB-13FB-4902-8E8B-2A5321E0DBAF}.Debug|ARM.ActiveCfg = Debug|Any CPU
		{91D4ABFB-13FB-4902-8E8B-2A5321E0DBAF}.Debug|ARM.Build.0 = Debug|Any CPU
		{91D4ABFB-13FB-4902-8E8B-2A5321E0DBAF}.Debug|iPhone.ActiveCfg = Debug|Any CPU
		{91D4ABFB-13FB-4902-8E8B-2A5321E0DBAF}.Debug|iPhone.Build.0 = Debug|Any CPU
		{91D4ABFB-13FB-4902-8E8B-2A5321E0DBAF}.Debug|iPhoneSimulator.ActiveCfg = Debug|Any CPU
		{91D4ABFB-13FB-4902-8E8B-2A5321E0DBAF}.Debug|iPhoneSimulator.Build.0 = Debug|Any CPU
		{91D4ABFB-13FB-4902-8E8B-2A5321E0DBAF}.Debug|x64.ActiveCfg = Debug|Any CPU
		{91D4ABFB-13FB-4902-8E8B-2A5321E0DBAF}.Debug|x64.Build.0 = Debug|Any CPU
		{91D4ABFB-13FB-4902-8E8B-2A5321E0DBAF}.Debug|x86.ActiveCfg = Debug|Any CPU
		{91D4ABFB-13FB-4902-8E8B-2A5321E0DBAF}.Debug|x86.Build.0 = Debug|Any CPU
		{91D4ABFB-13FB-4902-8E8B-2A5321E0DBAF}.Release|Any CPU.ActiveCfg = Release|Any CPU
		{91D4ABFB-13FB-4902-8E8B-2A5321E0DBAF}.Release|Any CPU.Build.0 = Release|Any CPU
		{91D4ABFB-13FB-4902-8E8B-2A5321E0DBAF}.Release|ARM.ActiveCfg = Release|Any CPU
		{91D4ABFB-13FB-4902-8E8B-2A5321E0DBAF}.Release|ARM.Build.0 = Release|Any CPU
		{91D4ABFB-13FB-4902-8E8B-2A5321E0DBAF}.Release|iPhone.ActiveCfg = Release|Any CPU
		{91D4ABFB-13FB-4902-8E8B-2A5321E0DBAF}.Release|iPhone.Build.0 = Release|Any CPU
		{91D4ABFB-13FB-4902-8E8B-2A5321E0DBAF}.Release|iPhoneSimulator.ActiveCfg = Release|Any CPU
		{91D4ABFB-13FB-4902-8E8B-2A5321E0DBAF}.Release|iPhoneSimulator.Build.0 = Release|Any CPU
		{91D4ABFB-13FB-4902-8E8B-2A5321E0DBAF}.Release|x64.ActiveCfg = Release|Any CPU
		{91D4ABFB-13FB-4902-8E8B-2A5321E0DBAF}.Release|x64.Build.0 = Release|Any CPU
		{91D4ABFB-13FB-4902-8E8B-2A5321E0DBAF}.Release|x86.ActiveCfg = Release|Any CPU
		{91D4ABFB-13FB-4902-8E8B-2A5321E0DBAF}.Release|x86.Build.0 = Release|Any CPU
	EndGlobalSection
	GlobalSection(SolutionProperties) = preSolution
		HideSolutionNode = FALSE
	EndGlobalSection
	GlobalSection(ExtensibilityGlobals) = postSolution
		SolutionGuid = {63D8C247-4319-4716-A60A-C889BB555CF1}
	EndGlobalSection
EndGlobal
